// !$*UTF8*$!
{
	archiveVersion = 1;
	classes = {
	};
	objectVersion = 50;
	objects = {

/* Begin PBXBuildFile section */
		486DFF2E24AB94EE00CBF530 /* PeachCollector.xcdatamodel in Sources */ = {isa = PBXBuildFile; fileRef = 95354714233A194A0096AE60 /* PeachCollector.xcdatamodel */; };
		486DFF2F24AB94F900CBF530 /* PeachCollectorQueue.h in Headers */ = {isa = PBXBuildFile; fileRef = 953546F4233A16780096AE60 /* PeachCollectorQueue.h */; settings = {ATTRIBUTES = (Public, ); }; };
		486DFF3024AB94F900CBF530 /* PeachCollectorQueue.m in Sources */ = {isa = PBXBuildFile; fileRef = 953546F3233A16780096AE60 /* PeachCollectorQueue.m */; };
		486DFF3124AB94F900CBF530 /* PeachCollectorReachability.h in Headers */ = {isa = PBXBuildFile; fileRef = 9530214D235081D80083E29F /* PeachCollectorReachability.h */; };
		486DFF3224AB94F900CBF530 /* PeachCollectorReachability.m in Sources */ = {isa = PBXBuildFile; fileRef = 9530214E235081D80083E29F /* PeachCollectorReachability.m */; };
		486DFF3324AB94F900CBF530 /* PeachCollectorDataStore.h in Headers */ = {isa = PBXBuildFile; fileRef = 9530215923585D2D0083E29F /* PeachCollectorDataStore.h */; settings = {ATTRIBUTES = (Public, ); }; };
		486DFF3424AB94F900CBF530 /* PeachCollectorDataStore.m in Sources */ = {isa = PBXBuildFile; fileRef = 9530215A23585D2D0083E29F /* PeachCollectorDataStore.m */; };
		486DFF3524AB94FD00CBF530 /* PeachCollectorPublisher.h in Headers */ = {isa = PBXBuildFile; fileRef = 953546EE233A16780096AE60 /* PeachCollectorPublisher.h */; settings = {ATTRIBUTES = (Public, ); }; };
		486DFF3624AB94FD00CBF530 /* PeachCollectorPublisher.m in Sources */ = {isa = PBXBuildFile; fileRef = 953546FD233A16790096AE60 /* PeachCollectorPublisher.m */; };
		486DFF3724AB94FD00CBF530 /* PeachCollectorPublisherEventStatus.h in Headers */ = {isa = PBXBuildFile; fileRef = 953546EB233A16770096AE60 /* PeachCollectorPublisherEventStatus.h */; settings = {ATTRIBUTES = (Public, ); }; };
		486DFF3824AB94FD00CBF530 /* PeachCollectorPublisherEventStatus.m in Sources */ = {isa = PBXBuildFile; fileRef = 953546F7233A16790096AE60 /* PeachCollectorPublisherEventStatus.m */; };
		486DFF3924AB950300CBF530 /* PeachCollectorContext.h in Headers */ = {isa = PBXBuildFile; fileRef = 953546FB233A16790096AE60 /* PeachCollectorContext.h */; settings = {ATTRIBUTES = (Public, ); }; };
		486DFF3A24AB950300CBF530 /* PeachCollectorContext.m in Sources */ = {isa = PBXBuildFile; fileRef = 953546F1233A16780096AE60 /* PeachCollectorContext.m */; };
		486DFF3B24AB950300CBF530 /* PeachCollectorContextComponent.h in Headers */ = {isa = PBXBuildFile; fileRef = 953546EC233A16780096AE60 /* PeachCollectorContextComponent.h */; settings = {ATTRIBUTES = (Public, ); }; };
		486DFF3C24AB950300CBF530 /* PeachCollectorContextComponent.m in Sources */ = {isa = PBXBuildFile; fileRef = 953546FA233A16790096AE60 /* PeachCollectorContextComponent.m */; };
		486DFF3D24AB950300CBF530 /* PeachCollectorProperties.h in Headers */ = {isa = PBXBuildFile; fileRef = 953546ED233A16780096AE60 /* PeachCollectorProperties.h */; settings = {ATTRIBUTES = (Public, ); }; };
		486DFF3E24AB950300CBF530 /* PeachCollectorProperties.m in Sources */ = {isa = PBXBuildFile; fileRef = 953546FC233A16790096AE60 /* PeachCollectorProperties.m */; };
		486DFF3F24AB950300CBF530 /* PeachCollectorDynamicProperties.h in Headers */ = {isa = PBXBuildFile; fileRef = 953547A3233CDC850096AE60 /* PeachCollectorDynamicProperties.h */; settings = {ATTRIBUTES = (Public, ); }; };
		486DFF4024AB950300CBF530 /* PeachCollectorDynamicProperties.m in Sources */ = {isa = PBXBuildFile; fileRef = 953547A4233CDC850096AE60 /* PeachCollectorDynamicProperties.m */; };
		486DFF4124AB950300CBF530 /* PeachCollectorEvent.h in Headers */ = {isa = PBXBuildFile; fileRef = 953546F0233A16780096AE60 /* PeachCollectorEvent.h */; settings = {ATTRIBUTES = (Public, ); }; };
		486DFF4224AB950300CBF530 /* PeachCollectorEvent.m in Sources */ = {isa = PBXBuildFile; fileRef = 953546F9233A16790096AE60 /* PeachCollectorEvent.m */; };
		486DFF4324AB950700CBF530 /* PeachCollector.h in Headers */ = {isa = PBXBuildFile; fileRef = 953546D3233A15BD0096AE60 /* PeachCollector.h */; settings = {ATTRIBUTES = (Public, ); }; };
		486DFF4424AB950700CBF530 /* PeachCollector.m in Sources */ = {isa = PBXBuildFile; fileRef = 953546F6233A16780096AE60 /* PeachCollector.m */; };
		486DFF4524AB950700CBF530 /* PeachCollectorDataFormat.h in Headers */ = {isa = PBXBuildFile; fileRef = 953546EF233A16780096AE60 /* PeachCollectorDataFormat.h */; settings = {ATTRIBUTES = (Public, ); }; };
		486DFF4624AB950700CBF530 /* PeachCollectorDataFormat.m in Sources */ = {isa = PBXBuildFile; fileRef = 953546F8233A16790096AE60 /* PeachCollectorDataFormat.m */; };
		486DFF4724AB950700CBF530 /* PeachCollectorNotifications.h in Headers */ = {isa = PBXBuildFile; fileRef = 953547F9234B2A9D0096AE60 /* PeachCollectorNotifications.h */; settings = {ATTRIBUTES = (Public, ); }; };
		486DFF4824AB950700CBF530 /* PeachCollectorNotifications.m in Sources */ = {isa = PBXBuildFile; fileRef = 953547FA234B2A9D0096AE60 /* PeachCollectorNotifications.m */; };
		486DFF4924AB955900CBF530 /* PeachPersistentContainer.m in Sources */ = {isa = PBXBuildFile; fileRef = 95354717233A1FCB0096AE60 /* PeachPersistentContainer.m */; };
		486DFF4A24AB955C00CBF530 /* PeachPersistentContainer.h in Headers */ = {isa = PBXBuildFile; fileRef = 95354716233A1FCB0096AE60 /* PeachPersistentContainer.h */; };
		95211ADD24EBB243002F77D4 /* AppDelegate.m in Sources */ = {isa = PBXBuildFile; fileRef = 95211ADC24EBB243002F77D4 /* AppDelegate.m */; };
		95211AE024EBB243002F77D4 /* ViewController.m in Sources */ = {isa = PBXBuildFile; fileRef = 95211ADF24EBB243002F77D4 /* ViewController.m */; };
		95211AE324EBB243002F77D4 /* Main.storyboard in Resources */ = {isa = PBXBuildFile; fileRef = 95211AE124EBB243002F77D4 /* Main.storyboard */; };
		95211AE524EBB245002F77D4 /* Assets.xcassets in Resources */ = {isa = PBXBuildFile; fileRef = 95211AE424EBB245002F77D4 /* Assets.xcassets */; };
		95211AE824EBB245002F77D4 /* LaunchScreen.storyboard in Resources */ = {isa = PBXBuildFile; fileRef = 95211AE624EBB245002F77D4 /* LaunchScreen.storyboard */; };
		95211AEB24EBB245002F77D4 /* main.m in Sources */ = {isa = PBXBuildFile; fileRef = 95211AEA24EBB245002F77D4 /* main.m */; };
		9522A5F82580BC7300832087 /* PeachCollectorEvent+CoreDataClass.m in Sources */ = {isa = PBXBuildFile; fileRef = 95AB3BE1253DC0A600D241A5 /* PeachCollectorEvent+CoreDataClass.m */; };
		9522A5FC2580BC7600832087 /* PeachCollectorEvent+CoreDataClass.h in Headers */ = {isa = PBXBuildFile; fileRef = 95AB3BE8253DC0A700D241A5 /* PeachCollectorEvent+CoreDataClass.h */; settings = {ATTRIBUTES = (Public, ); }; };
		9522A6002580BC7900832087 /* PeachCollectorEvent+CoreDataProperties.h in Headers */ = {isa = PBXBuildFile; fileRef = 95AB3BE7253DC0A700D241A5 /* PeachCollectorEvent+CoreDataProperties.h */; settings = {ATTRIBUTES = (Public, ); }; };
		9522A6042580BC7B00832087 /* PeachCollectorEvent+CoreDataProperties.m in Sources */ = {isa = PBXBuildFile; fileRef = 95AB3BE5253DC0A600D241A5 /* PeachCollectorEvent+CoreDataProperties.m */; };
		9522A6082580BC7D00832087 /* PeachCollectorPublisherEventStatus+CoreDataClass.h in Headers */ = {isa = PBXBuildFile; fileRef = 95AB3BE4253DC0A600D241A5 /* PeachCollectorPublisherEventStatus+CoreDataClass.h */; settings = {ATTRIBUTES = (Public, ); }; };
		9522A60C2580BC8000832087 /* PeachCollectorPublisherEventStatus+CoreDataClass.m in Sources */ = {isa = PBXBuildFile; fileRef = 95AB3BE2253DC0A600D241A5 /* PeachCollectorPublisherEventStatus+CoreDataClass.m */; };
		9522A6102580BC8200832087 /* PeachCollectorPublisherEventStatus+CoreDataProperties.h in Headers */ = {isa = PBXBuildFile; fileRef = 95AB3BE3253DC0A600D241A5 /* PeachCollectorPublisherEventStatus+CoreDataProperties.h */; settings = {ATTRIBUTES = (Public, ); }; };
		9522A6142580BC8500832087 /* PeachCollectorPublisherEventStatus+CoreDataProperties.m in Sources */ = {isa = PBXBuildFile; fileRef = 95AB3BE6253DC0A600D241A5 /* PeachCollectorPublisherEventStatus+CoreDataProperties.m */; };
		9530214F235081D80083E29F /* PeachCollectorReachability.h in Headers */ = {isa = PBXBuildFile; fileRef = 9530214D235081D80083E29F /* PeachCollectorReachability.h */; };
		95302150235081D80083E29F /* PeachCollectorReachability.m in Sources */ = {isa = PBXBuildFile; fileRef = 9530214E235081D80083E29F /* PeachCollectorReachability.m */; };
		9530215B23585D2D0083E29F /* PeachCollectorDataStore.h in Headers */ = {isa = PBXBuildFile; fileRef = 9530215923585D2D0083E29F /* PeachCollectorDataStore.h */; settings = {ATTRIBUTES = (Public, ); }; };
		9530215C23585D2D0083E29F /* PeachCollectorDataStore.m in Sources */ = {isa = PBXBuildFile; fileRef = 9530215A23585D2D0083E29F /* PeachCollectorDataStore.m */; };
		953546DA233A15BD0096AE60 /* PeachCollector.framework in Frameworks */ = {isa = PBXBuildFile; fileRef = 953546D0233A15BD0096AE60 /* PeachCollector.framework */; };
		953546DF233A15BD0096AE60 /* PeachCollectorTests.m in Sources */ = {isa = PBXBuildFile; fileRef = 953546DE233A15BD0096AE60 /* PeachCollectorTests.m */; };
		953546E1233A15BD0096AE60 /* PeachCollector.h in Headers */ = {isa = PBXBuildFile; fileRef = 953546D3233A15BD0096AE60 /* PeachCollector.h */; settings = {ATTRIBUTES = (Public, ); }; };
		95354700233A16790096AE60 /* PeachCollectorPublisherEventStatus.h in Headers */ = {isa = PBXBuildFile; fileRef = 953546EB233A16770096AE60 /* PeachCollectorPublisherEventStatus.h */; settings = {ATTRIBUTES = (Public, ); }; };
		95354701233A16790096AE60 /* PeachCollectorContextComponent.h in Headers */ = {isa = PBXBuildFile; fileRef = 953546EC233A16780096AE60 /* PeachCollectorContextComponent.h */; settings = {ATTRIBUTES = (Public, ); }; };
		95354702233A16790096AE60 /* PeachCollectorProperties.h in Headers */ = {isa = PBXBuildFile; fileRef = 953546ED233A16780096AE60 /* PeachCollectorProperties.h */; settings = {ATTRIBUTES = (Public, ); }; };
		95354703233A16790096AE60 /* PeachCollectorPublisher.h in Headers */ = {isa = PBXBuildFile; fileRef = 953546EE233A16780096AE60 /* PeachCollectorPublisher.h */; settings = {ATTRIBUTES = (Public, ); }; };
		95354704233A16790096AE60 /* PeachCollectorDataFormat.h in Headers */ = {isa = PBXBuildFile; fileRef = 953546EF233A16780096AE60 /* PeachCollectorDataFormat.h */; settings = {ATTRIBUTES = (Public, ); }; };
		95354705233A16790096AE60 /* PeachCollectorEvent.h in Headers */ = {isa = PBXBuildFile; fileRef = 953546F0233A16780096AE60 /* PeachCollectorEvent.h */; settings = {ATTRIBUTES = (Public, ); }; };
		95354706233A16790096AE60 /* PeachCollectorContext.m in Sources */ = {isa = PBXBuildFile; fileRef = 953546F1233A16780096AE60 /* PeachCollectorContext.m */; };
		95354708233A16790096AE60 /* PeachCollectorQueue.m in Sources */ = {isa = PBXBuildFile; fileRef = 953546F3233A16780096AE60 /* PeachCollectorQueue.m */; };
		95354709233A16790096AE60 /* PeachCollectorQueue.h in Headers */ = {isa = PBXBuildFile; fileRef = 953546F4233A16780096AE60 /* PeachCollectorQueue.h */; settings = {ATTRIBUTES = (Public, ); }; };
		9535470B233A16790096AE60 /* PeachCollector.m in Sources */ = {isa = PBXBuildFile; fileRef = 953546F6233A16780096AE60 /* PeachCollector.m */; };
		9535470C233A16790096AE60 /* PeachCollectorPublisherEventStatus.m in Sources */ = {isa = PBXBuildFile; fileRef = 953546F7233A16790096AE60 /* PeachCollectorPublisherEventStatus.m */; };
		9535470D233A16790096AE60 /* PeachCollectorDataFormat.m in Sources */ = {isa = PBXBuildFile; fileRef = 953546F8233A16790096AE60 /* PeachCollectorDataFormat.m */; };
		9535470E233A16790096AE60 /* PeachCollectorEvent.m in Sources */ = {isa = PBXBuildFile; fileRef = 953546F9233A16790096AE60 /* PeachCollectorEvent.m */; };
		9535470F233A16790096AE60 /* PeachCollectorContextComponent.m in Sources */ = {isa = PBXBuildFile; fileRef = 953546FA233A16790096AE60 /* PeachCollectorContextComponent.m */; };
		95354710233A16790096AE60 /* PeachCollectorContext.h in Headers */ = {isa = PBXBuildFile; fileRef = 953546FB233A16790096AE60 /* PeachCollectorContext.h */; settings = {ATTRIBUTES = (Public, ); }; };
		95354711233A16790096AE60 /* PeachCollectorProperties.m in Sources */ = {isa = PBXBuildFile; fileRef = 953546FC233A16790096AE60 /* PeachCollectorProperties.m */; };
		95354712233A16790096AE60 /* PeachCollectorPublisher.m in Sources */ = {isa = PBXBuildFile; fileRef = 953546FD233A16790096AE60 /* PeachCollectorPublisher.m */; };
		95354715233A194A0096AE60 /* PeachCollector.xcdatamodel in Sources */ = {isa = PBXBuildFile; fileRef = 95354714233A194A0096AE60 /* PeachCollector.xcdatamodel */; };
		95354718233A1FCB0096AE60 /* PeachPersistentContainer.h in Headers */ = {isa = PBXBuildFile; fileRef = 95354716233A1FCB0096AE60 /* PeachPersistentContainer.h */; };
		95354719233A1FCB0096AE60 /* PeachPersistentContainer.m in Sources */ = {isa = PBXBuildFile; fileRef = 95354717233A1FCB0096AE60 /* PeachPersistentContainer.m */; };
		9535475E233B67AA0096AE60 /* AppDelegate.m in Sources */ = {isa = PBXBuildFile; fileRef = 9535475D233B67AA0096AE60 /* AppDelegate.m */; };
		95354761233B67AA0096AE60 /* SceneDelegate.m in Sources */ = {isa = PBXBuildFile; fileRef = 95354760233B67AA0096AE60 /* SceneDelegate.m */; };
		95354764233B67AA0096AE60 /* ViewController.m in Sources */ = {isa = PBXBuildFile; fileRef = 95354763233B67AA0096AE60 /* ViewController.m */; };
		95354767233B67AA0096AE60 /* Main.storyboard in Resources */ = {isa = PBXBuildFile; fileRef = 95354765233B67AA0096AE60 /* Main.storyboard */; };
		9535476A233B67AA0096AE60 /* PeachCollectorDemo.xcdatamodeld in Sources */ = {isa = PBXBuildFile; fileRef = 95354768233B67AA0096AE60 /* PeachCollectorDemo.xcdatamodeld */; };
		9535476C233B67AB0096AE60 /* Assets.xcassets in Resources */ = {isa = PBXBuildFile; fileRef = 9535476B233B67AB0096AE60 /* Assets.xcassets */; };
		9535476F233B67AB0096AE60 /* LaunchScreen.storyboard in Resources */ = {isa = PBXBuildFile; fileRef = 9535476D233B67AB0096AE60 /* LaunchScreen.storyboard */; };
		95354772233B67AB0096AE60 /* main.m in Sources */ = {isa = PBXBuildFile; fileRef = 95354771233B67AB0096AE60 /* main.m */; };
		95354779233B68EE0096AE60 /* PeachCollector.framework in Frameworks */ = {isa = PBXBuildFile; fileRef = 953546D0233A15BD0096AE60 /* PeachCollector.framework */; };
		9535477A233B68EE0096AE60 /* PeachCollector.framework in Embed Frameworks */ = {isa = PBXBuildFile; fileRef = 953546D0233A15BD0096AE60 /* PeachCollector.framework */; settings = {ATTRIBUTES = (CodeSignOnCopy, RemoveHeadersOnCopy, ); }; };
		9535478F233B8A5E0096AE60 /* AppDelegate.swift in Sources */ = {isa = PBXBuildFile; fileRef = 9535478E233B8A5E0096AE60 /* AppDelegate.swift */; };
		95354791233B8A5E0096AE60 /* SceneDelegate.swift in Sources */ = {isa = PBXBuildFile; fileRef = 95354790233B8A5E0096AE60 /* SceneDelegate.swift */; };
		95354793233B8A5E0096AE60 /* ViewController.swift in Sources */ = {isa = PBXBuildFile; fileRef = 95354792233B8A5E0096AE60 /* ViewController.swift */; };
		95354796233B8A5E0096AE60 /* Main.storyboard in Resources */ = {isa = PBXBuildFile; fileRef = 95354794233B8A5E0096AE60 /* Main.storyboard */; };
		95354799233B8A5E0096AE60 /* PeachCollectorSwiftDemo.xcdatamodeld in Sources */ = {isa = PBXBuildFile; fileRef = 95354797233B8A5E0096AE60 /* PeachCollectorSwiftDemo.xcdatamodeld */; };
		9535479B233B8A5F0096AE60 /* Assets.xcassets in Resources */ = {isa = PBXBuildFile; fileRef = 9535479A233B8A5F0096AE60 /* Assets.xcassets */; };
		9535479E233B8A5F0096AE60 /* LaunchScreen.storyboard in Resources */ = {isa = PBXBuildFile; fileRef = 9535479C233B8A5F0096AE60 /* LaunchScreen.storyboard */; };
		953547A5233CDC850096AE60 /* PeachCollectorDynamicProperties.h in Headers */ = {isa = PBXBuildFile; fileRef = 953547A3233CDC850096AE60 /* PeachCollectorDynamicProperties.h */; settings = {ATTRIBUTES = (Public, ); }; };
		953547A6233CDC850096AE60 /* PeachCollectorDynamicProperties.m in Sources */ = {isa = PBXBuildFile; fileRef = 953547A4233CDC850096AE60 /* PeachCollectorDynamicProperties.m */; };
		953547A7234203060096AE60 /* PeachCollector.framework in Frameworks */ = {isa = PBXBuildFile; fileRef = 953546D0233A15BD0096AE60 /* PeachCollector.framework */; };
		953547A8234203060096AE60 /* PeachCollector.framework in Embed Frameworks */ = {isa = PBXBuildFile; fileRef = 953546D0233A15BD0096AE60 /* PeachCollector.framework */; settings = {ATTRIBUTES = (CodeSignOnCopy, RemoveHeadersOnCopy, ); }; };
		953547FB234B2A9D0096AE60 /* PeachCollectorNotifications.h in Headers */ = {isa = PBXBuildFile; fileRef = 953547F9234B2A9D0096AE60 /* PeachCollectorNotifications.h */; settings = {ATTRIBUTES = (Public, ); }; };
		953547FC234B2A9D0096AE60 /* PeachCollectorNotifications.m in Sources */ = {isa = PBXBuildFile; fileRef = 953547FA234B2A9D0096AE60 /* PeachCollectorNotifications.m */; };
		95AB3BE9253DC0A700D241A5 /* PeachCollectorEvent+CoreDataClass.m in Sources */ = {isa = PBXBuildFile; fileRef = 95AB3BE1253DC0A600D241A5 /* PeachCollectorEvent+CoreDataClass.m */; };
		95AB3BEA253DC0A700D241A5 /* PeachCollectorPublisherEventStatus+CoreDataClass.m in Sources */ = {isa = PBXBuildFile; fileRef = 95AB3BE2253DC0A600D241A5 /* PeachCollectorPublisherEventStatus+CoreDataClass.m */; };
		95AB3BEB253DC0A700D241A5 /* PeachCollectorPublisherEventStatus+CoreDataProperties.h in Headers */ = {isa = PBXBuildFile; fileRef = 95AB3BE3253DC0A600D241A5 /* PeachCollectorPublisherEventStatus+CoreDataProperties.h */; settings = {ATTRIBUTES = (Public, ); }; };
		95AB3BEC253DC0A700D241A5 /* PeachCollectorPublisherEventStatus+CoreDataClass.h in Headers */ = {isa = PBXBuildFile; fileRef = 95AB3BE4253DC0A600D241A5 /* PeachCollectorPublisherEventStatus+CoreDataClass.h */; settings = {ATTRIBUTES = (Public, ); }; };
		95AB3BED253DC0A700D241A5 /* PeachCollectorEvent+CoreDataProperties.m in Sources */ = {isa = PBXBuildFile; fileRef = 95AB3BE5253DC0A600D241A5 /* PeachCollectorEvent+CoreDataProperties.m */; };
		95AB3BEE253DC0A700D241A5 /* PeachCollectorPublisherEventStatus+CoreDataProperties.m in Sources */ = {isa = PBXBuildFile; fileRef = 95AB3BE6253DC0A600D241A5 /* PeachCollectorPublisherEventStatus+CoreDataProperties.m */; };
		95AB3BEF253DC0A700D241A5 /* PeachCollectorEvent+CoreDataProperties.h in Headers */ = {isa = PBXBuildFile; fileRef = 95AB3BE7253DC0A700D241A5 /* PeachCollectorEvent+CoreDataProperties.h */; settings = {ATTRIBUTES = (Public, ); }; };
		95AB3BF0253DC0A700D241A5 /* PeachCollectorEvent+CoreDataClass.h in Headers */ = {isa = PBXBuildFile; fileRef = 95AB3BE8253DC0A700D241A5 /* PeachCollectorEvent+CoreDataClass.h */; settings = {ATTRIBUTES = (Public, ); }; };
		95B0C8F524EBBDBC00AB9522 /* PeachCollector.framework in Frameworks */ = {isa = PBXBuildFile; fileRef = 486DFEF524AB935700CBF530 /* PeachCollector.framework */; };
		95B0C8F624EBBDBC00AB9522 /* PeachCollector.framework in Embed Frameworks */ = {isa = PBXBuildFile; fileRef = 486DFEF524AB935700CBF530 /* PeachCollector.framework */; settings = {ATTRIBUTES = (CodeSignOnCopy, RemoveHeadersOnCopy, ); }; };
/* End PBXBuildFile section */

/* Begin PBXContainerItemProxy section */
		953546DB233A15BD0096AE60 /* PBXContainerItemProxy */ = {
			isa = PBXContainerItemProxy;
			containerPortal = 953546C7233A15BD0096AE60 /* Project object */;
			proxyType = 1;
			remoteGlobalIDString = 953546CF233A15BD0096AE60;
			remoteInfo = PeachCollector;
		};
		95354776233B67CF0096AE60 /* PBXContainerItemProxy */ = {
			isa = PBXContainerItemProxy;
			containerPortal = 953546C7233A15BD0096AE60 /* Project object */;
			proxyType = 1;
			remoteGlobalIDString = 953546CF233A15BD0096AE60;
			remoteInfo = PeachCollector;
		};
		9535477B233B68EE0096AE60 /* PBXContainerItemProxy */ = {
			isa = PBXContainerItemProxy;
			containerPortal = 953546C7233A15BD0096AE60 /* Project object */;
			proxyType = 1;
			remoteGlobalIDString = 953546CF233A15BD0096AE60;
			remoteInfo = PeachCollector;
		};
		953547A9234203060096AE60 /* PBXContainerItemProxy */ = {
			isa = PBXContainerItemProxy;
			containerPortal = 953546C7233A15BD0096AE60 /* Project object */;
			proxyType = 1;
			remoteGlobalIDString = 953546CF233A15BD0096AE60;
			remoteInfo = PeachCollector;
		};
/* End PBXContainerItemProxy section */

/* Begin PBXCopyFilesBuildPhase section */
		9535477D233B68EF0096AE60 /* Embed Frameworks */ = {
			isa = PBXCopyFilesBuildPhase;
			buildActionMask = 2147483647;
			dstPath = "";
			dstSubfolderSpec = 10;
			files = (
				9535477A233B68EE0096AE60 /* PeachCollector.framework in Embed Frameworks */,
			);
			name = "Embed Frameworks";
			runOnlyForDeploymentPostprocessing = 0;
		};
		953547AB234203060096AE60 /* Embed Frameworks */ = {
			isa = PBXCopyFilesBuildPhase;
			buildActionMask = 2147483647;
			dstPath = "";
			dstSubfolderSpec = 10;
			files = (
				953547A8234203060096AE60 /* PeachCollector.framework in Embed Frameworks */,
			);
			name = "Embed Frameworks";
			runOnlyForDeploymentPostprocessing = 0;
		};
		95B0C8F724EBBDBC00AB9522 /* Embed Frameworks */ = {
			isa = PBXCopyFilesBuildPhase;
			buildActionMask = 2147483647;
			dstPath = "";
			dstSubfolderSpec = 10;
			files = (
				95B0C8F624EBBDBC00AB9522 /* PeachCollector.framework in Embed Frameworks */,
			);
			name = "Embed Frameworks";
			runOnlyForDeploymentPostprocessing = 0;
		};
/* End PBXCopyFilesBuildPhase section */

/* Begin PBXFileReference section */
		486DFEF524AB935700CBF530 /* PeachCollector.framework */ = {isa = PBXFileReference; explicitFileType = wrapper.framework; includeInIndex = 0; path = PeachCollector.framework; sourceTree = BUILT_PRODUCTS_DIR; };
		95211AD924EBB243002F77D4 /* PeachCollectorTVDemo.app */ = {isa = PBXFileReference; explicitFileType = wrapper.application; includeInIndex = 0; path = PeachCollectorTVDemo.app; sourceTree = BUILT_PRODUCTS_DIR; };
		95211ADB24EBB243002F77D4 /* AppDelegate.h */ = {isa = PBXFileReference; lastKnownFileType = sourcecode.c.h; path = AppDelegate.h; sourceTree = "<group>"; };
		95211ADC24EBB243002F77D4 /* AppDelegate.m */ = {isa = PBXFileReference; lastKnownFileType = sourcecode.c.objc; path = AppDelegate.m; sourceTree = "<group>"; };
		95211ADE24EBB243002F77D4 /* ViewController.h */ = {isa = PBXFileReference; lastKnownFileType = sourcecode.c.h; path = ViewController.h; sourceTree = "<group>"; };
		95211ADF24EBB243002F77D4 /* ViewController.m */ = {isa = PBXFileReference; lastKnownFileType = sourcecode.c.objc; path = ViewController.m; sourceTree = "<group>"; };
		95211AE224EBB243002F77D4 /* Base */ = {isa = PBXFileReference; lastKnownFileType = file.storyboard; name = Base; path = Base.lproj/Main.storyboard; sourceTree = "<group>"; };
		95211AE424EBB245002F77D4 /* Assets.xcassets */ = {isa = PBXFileReference; lastKnownFileType = folder.assetcatalog; path = Assets.xcassets; sourceTree = "<group>"; };
		95211AE724EBB245002F77D4 /* Base */ = {isa = PBXFileReference; lastKnownFileType = file.storyboard; name = Base; path = Base.lproj/LaunchScreen.storyboard; sourceTree = "<group>"; };
		95211AE924EBB245002F77D4 /* Info.plist */ = {isa = PBXFileReference; lastKnownFileType = text.plist.xml; path = Info.plist; sourceTree = "<group>"; };
		95211AEA24EBB245002F77D4 /* main.m */ = {isa = PBXFileReference; lastKnownFileType = sourcecode.c.objc; path = main.m; sourceTree = "<group>"; };
		9530214D235081D80083E29F /* PeachCollectorReachability.h */ = {isa = PBXFileReference; fileEncoding = 4; lastKnownFileType = sourcecode.c.h; path = PeachCollectorReachability.h; sourceTree = "<group>"; };
		9530214E235081D80083E29F /* PeachCollectorReachability.m */ = {isa = PBXFileReference; fileEncoding = 4; lastKnownFileType = sourcecode.c.objc; path = PeachCollectorReachability.m; sourceTree = "<group>"; };
		9530215923585D2D0083E29F /* PeachCollectorDataStore.h */ = {isa = PBXFileReference; lastKnownFileType = sourcecode.c.h; path = PeachCollectorDataStore.h; sourceTree = "<group>"; };
		9530215A23585D2D0083E29F /* PeachCollectorDataStore.m */ = {isa = PBXFileReference; lastKnownFileType = sourcecode.c.objc; path = PeachCollectorDataStore.m; sourceTree = "<group>"; };
		953546D0233A15BD0096AE60 /* PeachCollector.framework */ = {isa = PBXFileReference; explicitFileType = wrapper.framework; includeInIndex = 0; path = PeachCollector.framework; sourceTree = BUILT_PRODUCTS_DIR; };
		953546D3233A15BD0096AE60 /* PeachCollector.h */ = {isa = PBXFileReference; lastKnownFileType = sourcecode.c.h; path = PeachCollector.h; sourceTree = "<group>"; };
		953546D4233A15BD0096AE60 /* Info.plist */ = {isa = PBXFileReference; lastKnownFileType = text.plist.xml; path = Info.plist; sourceTree = "<group>"; };
		953546D9233A15BD0096AE60 /* PeachCollectorTests.xctest */ = {isa = PBXFileReference; explicitFileType = wrapper.cfbundle; includeInIndex = 0; path = PeachCollectorTests.xctest; sourceTree = BUILT_PRODUCTS_DIR; };
		953546DE233A15BD0096AE60 /* PeachCollectorTests.m */ = {isa = PBXFileReference; lastKnownFileType = sourcecode.c.objc; path = PeachCollectorTests.m; sourceTree = "<group>"; };
		953546E0233A15BD0096AE60 /* Info.plist */ = {isa = PBXFileReference; lastKnownFileType = text.plist.xml; path = Info.plist; sourceTree = "<group>"; };
		953546EB233A16770096AE60 /* PeachCollectorPublisherEventStatus.h */ = {isa = PBXFileReference; fileEncoding = 4; lastKnownFileType = sourcecode.c.h; path = PeachCollectorPublisherEventStatus.h; sourceTree = "<group>"; };
		953546EC233A16780096AE60 /* PeachCollectorContextComponent.h */ = {isa = PBXFileReference; fileEncoding = 4; lastKnownFileType = sourcecode.c.h; path = PeachCollectorContextComponent.h; sourceTree = "<group>"; };
		953546ED233A16780096AE60 /* PeachCollectorProperties.h */ = {isa = PBXFileReference; fileEncoding = 4; lastKnownFileType = sourcecode.c.h; path = PeachCollectorProperties.h; sourceTree = "<group>"; };
		953546EE233A16780096AE60 /* PeachCollectorPublisher.h */ = {isa = PBXFileReference; fileEncoding = 4; lastKnownFileType = sourcecode.c.h; path = PeachCollectorPublisher.h; sourceTree = "<group>"; };
		953546EF233A16780096AE60 /* PeachCollectorDataFormat.h */ = {isa = PBXFileReference; fileEncoding = 4; lastKnownFileType = sourcecode.c.h; path = PeachCollectorDataFormat.h; sourceTree = "<group>"; };
		953546F0233A16780096AE60 /* PeachCollectorEvent.h */ = {isa = PBXFileReference; fileEncoding = 4; lastKnownFileType = sourcecode.c.h; path = PeachCollectorEvent.h; sourceTree = "<group>"; };
		953546F1233A16780096AE60 /* PeachCollectorContext.m */ = {isa = PBXFileReference; fileEncoding = 4; lastKnownFileType = sourcecode.c.objc; path = PeachCollectorContext.m; sourceTree = "<group>"; };
		953546F3233A16780096AE60 /* PeachCollectorQueue.m */ = {isa = PBXFileReference; fileEncoding = 4; lastKnownFileType = sourcecode.c.objc; path = PeachCollectorQueue.m; sourceTree = "<group>"; };
		953546F4233A16780096AE60 /* PeachCollectorQueue.h */ = {isa = PBXFileReference; fileEncoding = 4; lastKnownFileType = sourcecode.c.h; path = PeachCollectorQueue.h; sourceTree = "<group>"; };
		953546F6233A16780096AE60 /* PeachCollector.m */ = {isa = PBXFileReference; fileEncoding = 4; lastKnownFileType = sourcecode.c.objc; path = PeachCollector.m; sourceTree = "<group>"; };
		953546F7233A16790096AE60 /* PeachCollectorPublisherEventStatus.m */ = {isa = PBXFileReference; fileEncoding = 4; lastKnownFileType = sourcecode.c.objc; path = PeachCollectorPublisherEventStatus.m; sourceTree = "<group>"; };
		953546F8233A16790096AE60 /* PeachCollectorDataFormat.m */ = {isa = PBXFileReference; fileEncoding = 4; lastKnownFileType = sourcecode.c.objc; path = PeachCollectorDataFormat.m; sourceTree = "<group>"; };
		953546F9233A16790096AE60 /* PeachCollectorEvent.m */ = {isa = PBXFileReference; fileEncoding = 4; lastKnownFileType = sourcecode.c.objc; path = PeachCollectorEvent.m; sourceTree = "<group>"; };
		953546FA233A16790096AE60 /* PeachCollectorContextComponent.m */ = {isa = PBXFileReference; fileEncoding = 4; lastKnownFileType = sourcecode.c.objc; path = PeachCollectorContextComponent.m; sourceTree = "<group>"; };
		953546FB233A16790096AE60 /* PeachCollectorContext.h */ = {isa = PBXFileReference; fileEncoding = 4; lastKnownFileType = sourcecode.c.h; path = PeachCollectorContext.h; sourceTree = "<group>"; };
		953546FC233A16790096AE60 /* PeachCollectorProperties.m */ = {isa = PBXFileReference; fileEncoding = 4; lastKnownFileType = sourcecode.c.objc; path = PeachCollectorProperties.m; sourceTree = "<group>"; };
		953546FD233A16790096AE60 /* PeachCollectorPublisher.m */ = {isa = PBXFileReference; fileEncoding = 4; lastKnownFileType = sourcecode.c.objc; path = PeachCollectorPublisher.m; sourceTree = "<group>"; };
		95354714233A194A0096AE60 /* PeachCollector.xcdatamodel */ = {isa = PBXFileReference; lastKnownFileType = wrapper.xcdatamodel; path = PeachCollector.xcdatamodel; sourceTree = "<group>"; };
		95354716233A1FCB0096AE60 /* PeachPersistentContainer.h */ = {isa = PBXFileReference; lastKnownFileType = sourcecode.c.h; path = PeachPersistentContainer.h; sourceTree = "<group>"; };
		95354717233A1FCB0096AE60 /* PeachPersistentContainer.m */ = {isa = PBXFileReference; lastKnownFileType = sourcecode.c.objc; path = PeachPersistentContainer.m; sourceTree = "<group>"; };
		9535475A233B67AA0096AE60 /* PeachCollectorDemo.app */ = {isa = PBXFileReference; explicitFileType = wrapper.application; includeInIndex = 0; path = PeachCollectorDemo.app; sourceTree = BUILT_PRODUCTS_DIR; };
		9535475C233B67AA0096AE60 /* AppDelegate.h */ = {isa = PBXFileReference; lastKnownFileType = sourcecode.c.h; path = AppDelegate.h; sourceTree = "<group>"; };
		9535475D233B67AA0096AE60 /* AppDelegate.m */ = {isa = PBXFileReference; lastKnownFileType = sourcecode.c.objc; path = AppDelegate.m; sourceTree = "<group>"; };
		9535475F233B67AA0096AE60 /* SceneDelegate.h */ = {isa = PBXFileReference; lastKnownFileType = sourcecode.c.h; path = SceneDelegate.h; sourceTree = "<group>"; };
		95354760233B67AA0096AE60 /* SceneDelegate.m */ = {isa = PBXFileReference; lastKnownFileType = sourcecode.c.objc; path = SceneDelegate.m; sourceTree = "<group>"; };
		95354762233B67AA0096AE60 /* ViewController.h */ = {isa = PBXFileReference; lastKnownFileType = sourcecode.c.h; path = ViewController.h; sourceTree = "<group>"; };
		95354763233B67AA0096AE60 /* ViewController.m */ = {isa = PBXFileReference; lastKnownFileType = sourcecode.c.objc; path = ViewController.m; sourceTree = "<group>"; };
		95354766233B67AA0096AE60 /* Base */ = {isa = PBXFileReference; lastKnownFileType = file.storyboard; name = Base; path = Base.lproj/Main.storyboard; sourceTree = "<group>"; };
		95354769233B67AA0096AE60 /* PeachCollectorDemo.xcdatamodel */ = {isa = PBXFileReference; lastKnownFileType = wrapper.xcdatamodel; path = PeachCollectorDemo.xcdatamodel; sourceTree = "<group>"; };
		9535476B233B67AB0096AE60 /* Assets.xcassets */ = {isa = PBXFileReference; lastKnownFileType = folder.assetcatalog; path = Assets.xcassets; sourceTree = "<group>"; };
		9535476E233B67AB0096AE60 /* Base */ = {isa = PBXFileReference; lastKnownFileType = file.storyboard; name = Base; path = Base.lproj/LaunchScreen.storyboard; sourceTree = "<group>"; };
		95354770233B67AB0096AE60 /* Info.plist */ = {isa = PBXFileReference; lastKnownFileType = text.plist.xml; path = Info.plist; sourceTree = "<group>"; };
		95354771233B67AB0096AE60 /* main.m */ = {isa = PBXFileReference; lastKnownFileType = sourcecode.c.objc; path = main.m; sourceTree = "<group>"; };
		9535478C233B8A5E0096AE60 /* PeachCollectorSwiftDemo.app */ = {isa = PBXFileReference; explicitFileType = wrapper.application; includeInIndex = 0; path = PeachCollectorSwiftDemo.app; sourceTree = BUILT_PRODUCTS_DIR; };
		9535478E233B8A5E0096AE60 /* AppDelegate.swift */ = {isa = PBXFileReference; lastKnownFileType = sourcecode.swift; path = AppDelegate.swift; sourceTree = "<group>"; };
		95354790233B8A5E0096AE60 /* SceneDelegate.swift */ = {isa = PBXFileReference; lastKnownFileType = sourcecode.swift; path = SceneDelegate.swift; sourceTree = "<group>"; };
		95354792233B8A5E0096AE60 /* ViewController.swift */ = {isa = PBXFileReference; lastKnownFileType = sourcecode.swift; path = ViewController.swift; sourceTree = "<group>"; };
		95354795233B8A5E0096AE60 /* Base */ = {isa = PBXFileReference; lastKnownFileType = file.storyboard; name = Base; path = Base.lproj/Main.storyboard; sourceTree = "<group>"; };
		95354798233B8A5E0096AE60 /* PeachCollectorSwiftDemo.xcdatamodel */ = {isa = PBXFileReference; lastKnownFileType = wrapper.xcdatamodel; path = PeachCollectorSwiftDemo.xcdatamodel; sourceTree = "<group>"; };
		9535479A233B8A5F0096AE60 /* Assets.xcassets */ = {isa = PBXFileReference; lastKnownFileType = folder.assetcatalog; path = Assets.xcassets; sourceTree = "<group>"; };
		9535479D233B8A5F0096AE60 /* Base */ = {isa = PBXFileReference; lastKnownFileType = file.storyboard; name = Base; path = Base.lproj/LaunchScreen.storyboard; sourceTree = "<group>"; };
		9535479F233B8A5F0096AE60 /* Info.plist */ = {isa = PBXFileReference; lastKnownFileType = text.plist.xml; path = Info.plist; sourceTree = "<group>"; };
		953547A3233CDC850096AE60 /* PeachCollectorDynamicProperties.h */ = {isa = PBXFileReference; lastKnownFileType = sourcecode.c.h; path = PeachCollectorDynamicProperties.h; sourceTree = "<group>"; };
		953547A4233CDC850096AE60 /* PeachCollectorDynamicProperties.m */ = {isa = PBXFileReference; lastKnownFileType = sourcecode.c.objc; path = PeachCollectorDynamicProperties.m; sourceTree = "<group>"; };
		953547F9234B2A9D0096AE60 /* PeachCollectorNotifications.h */ = {isa = PBXFileReference; lastKnownFileType = sourcecode.c.h; path = PeachCollectorNotifications.h; sourceTree = "<group>"; };
		953547FA234B2A9D0096AE60 /* PeachCollectorNotifications.m */ = {isa = PBXFileReference; lastKnownFileType = sourcecode.c.objc; path = PeachCollectorNotifications.m; sourceTree = "<group>"; };
		955EB1CA23E4592A004B30DF /* CHANGELOG.md */ = {isa = PBXFileReference; fileEncoding = 4; lastKnownFileType = net.daringfireball.markdown; path = CHANGELOG.md; sourceTree = "<group>"; };
		955EB1CC23E45948004B30DF /* README.md */ = {isa = PBXFileReference; fileEncoding = 4; lastKnownFileType = net.daringfireball.markdown; path = README.md; sourceTree = "<group>"; };
		95AB3BE1253DC0A600D241A5 /* PeachCollectorEvent+CoreDataClass.m */ = {isa = PBXFileReference; fileEncoding = 4; lastKnownFileType = sourcecode.c.objc; path = "PeachCollectorEvent+CoreDataClass.m"; sourceTree = "<group>"; };
		95AB3BE2253DC0A600D241A5 /* PeachCollectorPublisherEventStatus+CoreDataClass.m */ = {isa = PBXFileReference; fileEncoding = 4; lastKnownFileType = sourcecode.c.objc; path = "PeachCollectorPublisherEventStatus+CoreDataClass.m"; sourceTree = "<group>"; };
		95AB3BE3253DC0A600D241A5 /* PeachCollectorPublisherEventStatus+CoreDataProperties.h */ = {isa = PBXFileReference; fileEncoding = 4; lastKnownFileType = sourcecode.c.h; path = "PeachCollectorPublisherEventStatus+CoreDataProperties.h"; sourceTree = "<group>"; };
		95AB3BE4253DC0A600D241A5 /* PeachCollectorPublisherEventStatus+CoreDataClass.h */ = {isa = PBXFileReference; fileEncoding = 4; lastKnownFileType = sourcecode.c.h; path = "PeachCollectorPublisherEventStatus+CoreDataClass.h"; sourceTree = "<group>"; };
		95AB3BE5253DC0A600D241A5 /* PeachCollectorEvent+CoreDataProperties.m */ = {isa = PBXFileReference; fileEncoding = 4; lastKnownFileType = sourcecode.c.objc; path = "PeachCollectorEvent+CoreDataProperties.m"; sourceTree = "<group>"; };
		95AB3BE6253DC0A600D241A5 /* PeachCollectorPublisherEventStatus+CoreDataProperties.m */ = {isa = PBXFileReference; fileEncoding = 4; lastKnownFileType = sourcecode.c.objc; path = "PeachCollectorPublisherEventStatus+CoreDataProperties.m"; sourceTree = "<group>"; };
		95AB3BE7253DC0A700D241A5 /* PeachCollectorEvent+CoreDataProperties.h */ = {isa = PBXFileReference; fileEncoding = 4; lastKnownFileType = sourcecode.c.h; path = "PeachCollectorEvent+CoreDataProperties.h"; sourceTree = "<group>"; };
		95AB3BE8253DC0A700D241A5 /* PeachCollectorEvent+CoreDataClass.h */ = {isa = PBXFileReference; fileEncoding = 4; lastKnownFileType = sourcecode.c.h; path = "PeachCollectorEvent+CoreDataClass.h"; sourceTree = "<group>"; };
/* End PBXFileReference section */

/* Begin PBXFrameworksBuildPhase section */
		486DFEF224AB935700CBF530 /* Frameworks */ = {
			isa = PBXFrameworksBuildPhase;
			buildActionMask = 2147483647;
			files = (
			);
			runOnlyForDeploymentPostprocessing = 0;
		};
		95211AD624EBB243002F77D4 /* Frameworks */ = {
			isa = PBXFrameworksBuildPhase;
			buildActionMask = 2147483647;
			files = (
				95B0C8F524EBBDBC00AB9522 /* PeachCollector.framework in Frameworks */,
			);
			runOnlyForDeploymentPostprocessing = 0;
		};
		953546CD233A15BD0096AE60 /* Frameworks */ = {
			isa = PBXFrameworksBuildPhase;
			buildActionMask = 2147483647;
			files = (
			);
			runOnlyForDeploymentPostprocessing = 0;
		};
		953546D6233A15BD0096AE60 /* Frameworks */ = {
			isa = PBXFrameworksBuildPhase;
			buildActionMask = 2147483647;
			files = (
				953546DA233A15BD0096AE60 /* PeachCollector.framework in Frameworks */,
			);
			runOnlyForDeploymentPostprocessing = 0;
		};
		95354757233B67AA0096AE60 /* Frameworks */ = {
			isa = PBXFrameworksBuildPhase;
			buildActionMask = 2147483647;
			files = (
				95354779233B68EE0096AE60 /* PeachCollector.framework in Frameworks */,
			);
			runOnlyForDeploymentPostprocessing = 0;
		};
		95354789233B8A5E0096AE60 /* Frameworks */ = {
			isa = PBXFrameworksBuildPhase;
			buildActionMask = 2147483647;
			files = (
				953547A7234203060096AE60 /* PeachCollector.framework in Frameworks */,
			);
			runOnlyForDeploymentPostprocessing = 0;
		};
/* End PBXFrameworksBuildPhase section */

/* Begin PBXGroup section */
		95211ADA24EBB243002F77D4 /* PeachCollectorTVDemo */ = {
			isa = PBXGroup;
			children = (
				95211ADB24EBB243002F77D4 /* AppDelegate.h */,
				95211ADC24EBB243002F77D4 /* AppDelegate.m */,
				95211ADE24EBB243002F77D4 /* ViewController.h */,
				95211ADF24EBB243002F77D4 /* ViewController.m */,
				95211AE124EBB243002F77D4 /* Main.storyboard */,
				95211AE424EBB245002F77D4 /* Assets.xcassets */,
				95211AE624EBB245002F77D4 /* LaunchScreen.storyboard */,
				95211AE924EBB245002F77D4 /* Info.plist */,
				95211AEA24EBB245002F77D4 /* main.m */,
			);
			path = PeachCollectorTVDemo;
			sourceTree = "<group>";
		};
		953546C6233A15BD0096AE60 = {
			isa = PBXGroup;
			children = (
				955EB1CC23E45948004B30DF /* README.md */,
				955EB1CA23E4592A004B30DF /* CHANGELOG.md */,
				95AB3BAD253D922D00D241A5 /* Sources */,
				95AB3BBB253D945600D241A5 /* Tests */,
				9535475B233B67AA0096AE60 /* PeachCollectorDemo */,
				9535478D233B8A5E0096AE60 /* PeachCollectorSwiftDemo */,
				95211ADA24EBB243002F77D4 /* PeachCollectorTVDemo */,
				953546D1233A15BD0096AE60 /* Products */,
				95354778233B68EE0096AE60 /* Frameworks */,
			);
			sourceTree = "<group>";
		};
		953546D1233A15BD0096AE60 /* Products */ = {
			isa = PBXGroup;
			children = (
				953546D0233A15BD0096AE60 /* PeachCollector.framework */,
				953546D9233A15BD0096AE60 /* PeachCollectorTests.xctest */,
				9535475A233B67AA0096AE60 /* PeachCollectorDemo.app */,
				9535478C233B8A5E0096AE60 /* PeachCollectorSwiftDemo.app */,
				486DFEF524AB935700CBF530 /* PeachCollector.framework */,
				95211AD924EBB243002F77D4 /* PeachCollectorTVDemo.app */,
			);
			name = Products;
			sourceTree = "<group>";
		};
		9535475B233B67AA0096AE60 /* PeachCollectorDemo */ = {
			isa = PBXGroup;
			children = (
				9535475C233B67AA0096AE60 /* AppDelegate.h */,
				9535475D233B67AA0096AE60 /* AppDelegate.m */,
				9535475F233B67AA0096AE60 /* SceneDelegate.h */,
				95354760233B67AA0096AE60 /* SceneDelegate.m */,
				95354762233B67AA0096AE60 /* ViewController.h */,
				95354763233B67AA0096AE60 /* ViewController.m */,
				95354765233B67AA0096AE60 /* Main.storyboard */,
				9535476B233B67AB0096AE60 /* Assets.xcassets */,
				9535476D233B67AB0096AE60 /* LaunchScreen.storyboard */,
				95354770233B67AB0096AE60 /* Info.plist */,
				95354771233B67AB0096AE60 /* main.m */,
				95354768233B67AA0096AE60 /* PeachCollectorDemo.xcdatamodeld */,
			);
			path = PeachCollectorDemo;
			sourceTree = "<group>";
		};
		95354778233B68EE0096AE60 /* Frameworks */ = {
			isa = PBXGroup;
			children = (
			);
			name = Frameworks;
			sourceTree = "<group>";
		};
		9535478D233B8A5E0096AE60 /* PeachCollectorSwiftDemo */ = {
			isa = PBXGroup;
			children = (
				9535478E233B8A5E0096AE60 /* AppDelegate.swift */,
				95354790233B8A5E0096AE60 /* SceneDelegate.swift */,
				95354792233B8A5E0096AE60 /* ViewController.swift */,
				95354794233B8A5E0096AE60 /* Main.storyboard */,
				9535479A233B8A5F0096AE60 /* Assets.xcassets */,
				9535479C233B8A5F0096AE60 /* LaunchScreen.storyboard */,
				9535479F233B8A5F0096AE60 /* Info.plist */,
				95354797233B8A5E0096AE60 /* PeachCollectorSwiftDemo.xcdatamodeld */,
			);
			path = PeachCollectorSwiftDemo;
			sourceTree = "<group>";
		};
		95AB3BAD253D922D00D241A5 /* Sources */ = {
			isa = PBXGroup;
			children = (
				95AB3BB7253D935500D241A5 /* PeachCollector */,
			);
			path = Sources;
			sourceTree = "<group>";
		};
		95AB3BAF253D928400D241A5 /* Resources */ = {
			isa = PBXGroup;
			children = (
				953546D4233A15BD0096AE60 /* Info.plist */,
				95354714233A194A0096AE60 /* PeachCollector.xcdatamodel */,
			);
			path = Resources;
			sourceTree = "<group>";
		};
		95AB3BB7253D935500D241A5 /* PeachCollector */ = {
			isa = PBXGroup;
			children = (
				95AB3BAF253D928400D241A5 /* Resources */,
				953546D3233A15BD0096AE60 /* PeachCollector.h */,
				953546F6233A16780096AE60 /* PeachCollector.m */,
				953546EF233A16780096AE60 /* PeachCollectorDataFormat.h */,
				953546F8233A16790096AE60 /* PeachCollectorDataFormat.m */,
				953547F9234B2A9D0096AE60 /* PeachCollectorNotifications.h */,
				953547FA234B2A9D0096AE60 /* PeachCollectorNotifications.m */,
				953546FB233A16790096AE60 /* PeachCollectorContext.h */,
				953546F1233A16780096AE60 /* PeachCollectorContext.m */,
				953546EC233A16780096AE60 /* PeachCollectorContextComponent.h */,
				953546FA233A16790096AE60 /* PeachCollectorContextComponent.m */,
				953546ED233A16780096AE60 /* PeachCollectorProperties.h */,
				953546FC233A16790096AE60 /* PeachCollectorProperties.m */,
				953547A3233CDC850096AE60 /* PeachCollectorDynamicProperties.h */,
				953547A4233CDC850096AE60 /* PeachCollectorDynamicProperties.m */,
				953546F0233A16780096AE60 /* PeachCollectorEvent.h */,
				953546F9233A16790096AE60 /* PeachCollectorEvent.m */,
				95AB3BE8253DC0A700D241A5 /* PeachCollectorEvent+CoreDataClass.h */,
				95AB3BE1253DC0A600D241A5 /* PeachCollectorEvent+CoreDataClass.m */,
				95AB3BE7253DC0A700D241A5 /* PeachCollectorEvent+CoreDataProperties.h */,
				95AB3BE5253DC0A600D241A5 /* PeachCollectorEvent+CoreDataProperties.m */,
				95AB3BE4253DC0A600D241A5 /* PeachCollectorPublisherEventStatus+CoreDataClass.h */,
				95AB3BE2253DC0A600D241A5 /* PeachCollectorPublisherEventStatus+CoreDataClass.m */,
				95AB3BE3253DC0A600D241A5 /* PeachCollectorPublisherEventStatus+CoreDataProperties.h */,
				95AB3BE6253DC0A600D241A5 /* PeachCollectorPublisherEventStatus+CoreDataProperties.m */,
				953546EE233A16780096AE60 /* PeachCollectorPublisher.h */,
				953546FD233A16790096AE60 /* PeachCollectorPublisher.m */,
				953546EB233A16770096AE60 /* PeachCollectorPublisherEventStatus.h */,
				953546F7233A16790096AE60 /* PeachCollectorPublisherEventStatus.m */,
				953546F4233A16780096AE60 /* PeachCollectorQueue.h */,
				953546F3233A16780096AE60 /* PeachCollectorQueue.m */,
				9530214D235081D80083E29F /* PeachCollectorReachability.h */,
				9530214E235081D80083E29F /* PeachCollectorReachability.m */,
				9530215923585D2D0083E29F /* PeachCollectorDataStore.h */,
				9530215A23585D2D0083E29F /* PeachCollectorDataStore.m */,
				95354716233A1FCB0096AE60 /* PeachPersistentContainer.h */,
				95354717233A1FCB0096AE60 /* PeachPersistentContainer.m */,
			);
			path = PeachCollector;
			sourceTree = "<group>";
		};
		95AB3BBB253D945600D241A5 /* Tests */ = {
			isa = PBXGroup;
			children = (
				953546DE233A15BD0096AE60 /* PeachCollectorTests.m */,
				953546E0233A15BD0096AE60 /* Info.plist */,
			);
			path = Tests;
			sourceTree = "<group>";
		};
/* End PBXGroup section */

/* Begin PBXHeadersBuildPhase section */
		486DFEF024AB935700CBF530 /* Headers */ = {
			isa = PBXHeadersBuildPhase;
			buildActionMask = 2147483647;
			files = (
				486DFF3924AB950300CBF530 /* PeachCollectorContext.h in Headers */,
				486DFF2F24AB94F900CBF530 /* PeachCollectorQueue.h in Headers */,
				9522A5FC2580BC7600832087 /* PeachCollectorEvent+CoreDataClass.h in Headers */,
				9522A6002580BC7900832087 /* PeachCollectorEvent+CoreDataProperties.h in Headers */,
				486DFF3524AB94FD00CBF530 /* PeachCollectorPublisher.h in Headers */,
				486DFF3B24AB950300CBF530 /* PeachCollectorContextComponent.h in Headers */,
				9522A6082580BC7D00832087 /* PeachCollectorPublisherEventStatus+CoreDataClass.h in Headers */,
				486DFF3724AB94FD00CBF530 /* PeachCollectorPublisherEventStatus.h in Headers */,
				9522A6102580BC8200832087 /* PeachCollectorPublisherEventStatus+CoreDataProperties.h in Headers */,
				486DFF4124AB950300CBF530 /* PeachCollectorEvent.h in Headers */,
				486DFF4724AB950700CBF530 /* PeachCollectorNotifications.h in Headers */,
				486DFF4A24AB955C00CBF530 /* PeachPersistentContainer.h in Headers */,
				486DFF3D24AB950300CBF530 /* PeachCollectorProperties.h in Headers */,
				486DFF3F24AB950300CBF530 /* PeachCollectorDynamicProperties.h in Headers */,
				486DFF3324AB94F900CBF530 /* PeachCollectorDataStore.h in Headers */,
				486DFF4324AB950700CBF530 /* PeachCollector.h in Headers */,
				486DFF4524AB950700CBF530 /* PeachCollectorDataFormat.h in Headers */,
				486DFF3124AB94F900CBF530 /* PeachCollectorReachability.h in Headers */,
			);
			runOnlyForDeploymentPostprocessing = 0;
		};
		953546CB233A15BD0096AE60 /* Headers */ = {
			isa = PBXHeadersBuildPhase;
			buildActionMask = 2147483647;
			files = (
				95354701233A16790096AE60 /* PeachCollectorContextComponent.h in Headers */,
				953546E1233A15BD0096AE60 /* PeachCollector.h in Headers */,
				95AB3BEB253DC0A700D241A5 /* PeachCollectorPublisherEventStatus+CoreDataProperties.h in Headers */,
				95354709233A16790096AE60 /* PeachCollectorQueue.h in Headers */,
				953547A5233CDC850096AE60 /* PeachCollectorDynamicProperties.h in Headers */,
				9530215B23585D2D0083E29F /* PeachCollectorDataStore.h in Headers */,
				95354700233A16790096AE60 /* PeachCollectorPublisherEventStatus.h in Headers */,
				953547FB234B2A9D0096AE60 /* PeachCollectorNotifications.h in Headers */,
				95AB3BEC253DC0A700D241A5 /* PeachCollectorPublisherEventStatus+CoreDataClass.h in Headers */,
				95354718233A1FCB0096AE60 /* PeachPersistentContainer.h in Headers */,
				95354703233A16790096AE60 /* PeachCollectorPublisher.h in Headers */,
				95354704233A16790096AE60 /* PeachCollectorDataFormat.h in Headers */,
				95354705233A16790096AE60 /* PeachCollectorEvent.h in Headers */,
				95354702233A16790096AE60 /* PeachCollectorProperties.h in Headers */,
				95354710233A16790096AE60 /* PeachCollectorContext.h in Headers */,
				9530214F235081D80083E29F /* PeachCollectorReachability.h in Headers */,
				95AB3BEF253DC0A700D241A5 /* PeachCollectorEvent+CoreDataProperties.h in Headers */,
				95AB3BF0253DC0A700D241A5 /* PeachCollectorEvent+CoreDataClass.h in Headers */,
			);
			runOnlyForDeploymentPostprocessing = 0;
		};
/* End PBXHeadersBuildPhase section */

/* Begin PBXNativeTarget section */
		486DFEF424AB935700CBF530 /* PeachCollector tvOS */ = {
			isa = PBXNativeTarget;
			buildConfigurationList = 486DFEFC24AB935700CBF530 /* Build configuration list for PBXNativeTarget "PeachCollector tvOS" */;
			buildPhases = (
				486DFEF024AB935700CBF530 /* Headers */,
				486DFEF124AB935700CBF530 /* Sources */,
				486DFEF224AB935700CBF530 /* Frameworks */,
				486DFEF324AB935700CBF530 /* Resources */,
			);
			buildRules = (
			);
			dependencies = (
			);
			name = "PeachCollector tvOS";
			productName = "PeachCollector tvOS";
			productReference = 486DFEF524AB935700CBF530 /* PeachCollector.framework */;
			productType = "com.apple.product-type.framework";
		};
		95211AD824EBB243002F77D4 /* PeachCollectorTVDemo */ = {
			isa = PBXNativeTarget;
			buildConfigurationList = 95211AEE24EBB245002F77D4 /* Build configuration list for PBXNativeTarget "PeachCollectorTVDemo" */;
			buildPhases = (
				95211AD524EBB243002F77D4 /* Sources */,
				95211AD624EBB243002F77D4 /* Frameworks */,
				95211AD724EBB243002F77D4 /* Resources */,
				95B0C8F724EBBDBC00AB9522 /* Embed Frameworks */,
			);
			buildRules = (
			);
			dependencies = (
			);
			name = PeachCollectorTVDemo;
			productName = PeachCollectorTVDemo;
			productReference = 95211AD924EBB243002F77D4 /* PeachCollectorTVDemo.app */;
			productType = "com.apple.product-type.application";
		};
		953546CF233A15BD0096AE60 /* PeachCollector */ = {
			isa = PBXNativeTarget;
			buildConfigurationList = 953546E4233A15BD0096AE60 /* Build configuration list for PBXNativeTarget "PeachCollector" */;
			buildPhases = (
				953546CB233A15BD0096AE60 /* Headers */,
				953546CC233A15BD0096AE60 /* Sources */,
				953546CD233A15BD0096AE60 /* Frameworks */,
				953546CE233A15BD0096AE60 /* Resources */,
			);
			buildRules = (
			);
			dependencies = (
			);
			name = PeachCollector;
			productName = PeachCollector;
			productReference = 953546D0233A15BD0096AE60 /* PeachCollector.framework */;
			productType = "com.apple.product-type.framework";
		};
		953546D8233A15BD0096AE60 /* PeachCollectorTests */ = {
			isa = PBXNativeTarget;
			buildConfigurationList = 953546E7233A15BD0096AE60 /* Build configuration list for PBXNativeTarget "PeachCollectorTests" */;
			buildPhases = (
				953546D5233A15BD0096AE60 /* Sources */,
				953546D6233A15BD0096AE60 /* Frameworks */,
				953546D7233A15BD0096AE60 /* Resources */,
			);
			buildRules = (
			);
			dependencies = (
				953546DC233A15BD0096AE60 /* PBXTargetDependency */,
			);
			name = PeachCollectorTests;
			productName = PeachCollectorTests;
			productReference = 953546D9233A15BD0096AE60 /* PeachCollectorTests.xctest */;
			productType = "com.apple.product-type.bundle.unit-test";
		};
		95354759233B67AA0096AE60 /* PeachCollectorDemo */ = {
			isa = PBXNativeTarget;
			buildConfigurationList = 95354775233B67AB0096AE60 /* Build configuration list for PBXNativeTarget "PeachCollectorDemo" */;
			buildPhases = (
				95354756233B67AA0096AE60 /* Sources */,
				95354757233B67AA0096AE60 /* Frameworks */,
				95354758233B67AA0096AE60 /* Resources */,
				9535477D233B68EF0096AE60 /* Embed Frameworks */,
			);
			buildRules = (
			);
			dependencies = (
				95354777233B67CF0096AE60 /* PBXTargetDependency */,
				9535477C233B68EE0096AE60 /* PBXTargetDependency */,
			);
			name = PeachCollectorDemo;
			productName = PeachCollectorDemo;
			productReference = 9535475A233B67AA0096AE60 /* PeachCollectorDemo.app */;
			productType = "com.apple.product-type.application";
		};
		9535478B233B8A5E0096AE60 /* PeachCollectorSwiftDemo */ = {
			isa = PBXNativeTarget;
			buildConfigurationList = 953547A0233B8A5F0096AE60 /* Build configuration list for PBXNativeTarget "PeachCollectorSwiftDemo" */;
			buildPhases = (
				95354788233B8A5E0096AE60 /* Sources */,
				95354789233B8A5E0096AE60 /* Frameworks */,
				9535478A233B8A5E0096AE60 /* Resources */,
				953547AB234203060096AE60 /* Embed Frameworks */,
			);
			buildRules = (
			);
			dependencies = (
				953547AA234203060096AE60 /* PBXTargetDependency */,
			);
			name = PeachCollectorSwiftDemo;
			productName = PeachCollectorSwiftDemo;
			productReference = 9535478C233B8A5E0096AE60 /* PeachCollectorSwiftDemo.app */;
			productType = "com.apple.product-type.application";
		};
/* End PBXNativeTarget section */

/* Begin PBXProject section */
		953546C7233A15BD0096AE60 /* Project object */ = {
			isa = PBXProject;
			attributes = {
				LastSwiftUpdateCheck = 1150;
				LastUpgradeCheck = 1200;
				ORGANIZATIONNAME = "European Broadcasting Union";
				TargetAttributes = {
					486DFEF424AB935700CBF530 = {
						CreatedOnToolsVersion = 11.5;
					};
					95211AD824EBB243002F77D4 = {
						CreatedOnToolsVersion = 11.3.1;
					};
					953546CF233A15BD0096AE60 = {
						CreatedOnToolsVersion = 11.0;
						LastSwiftMigration = 1100;
					};
					953546D8233A15BD0096AE60 = {
						CreatedOnToolsVersion = 11.0;
					};
					95354759233B67AA0096AE60 = {
						CreatedOnToolsVersion = 11.0;
					};
					9535478B233B8A5E0096AE60 = {
						CreatedOnToolsVersion = 11.0;
					};
				};
			};
			buildConfigurationList = 953546CA233A15BD0096AE60 /* Build configuration list for PBXProject "PeachCollector" */;
			compatibilityVersion = "Xcode 9.3";
			developmentRegion = en;
			hasScannedForEncodings = 0;
			knownRegions = (
				en,
				Base,
			);
			mainGroup = 953546C6233A15BD0096AE60;
			productRefGroup = 953546D1233A15BD0096AE60 /* Products */;
			projectDirPath = "";
			projectRoot = "";
			targets = (
				953546CF233A15BD0096AE60 /* PeachCollector */,
				486DFEF424AB935700CBF530 /* PeachCollector tvOS */,
				953546D8233A15BD0096AE60 /* PeachCollectorTests */,
				95354759233B67AA0096AE60 /* PeachCollectorDemo */,
				9535478B233B8A5E0096AE60 /* PeachCollectorSwiftDemo */,
				95211AD824EBB243002F77D4 /* PeachCollectorTVDemo */,
			);
		};
/* End PBXProject section */

/* Begin PBXResourcesBuildPhase section */
		486DFEF324AB935700CBF530 /* Resources */ = {
			isa = PBXResourcesBuildPhase;
			buildActionMask = 2147483647;
			files = (
			);
			runOnlyForDeploymentPostprocessing = 0;
		};
		95211AD724EBB243002F77D4 /* Resources */ = {
			isa = PBXResourcesBuildPhase;
			buildActionMask = 2147483647;
			files = (
				95211AE824EBB245002F77D4 /* LaunchScreen.storyboard in Resources */,
				95211AE524EBB245002F77D4 /* Assets.xcassets in Resources */,
				95211AE324EBB243002F77D4 /* Main.storyboard in Resources */,
			);
			runOnlyForDeploymentPostprocessing = 0;
		};
		953546CE233A15BD0096AE60 /* Resources */ = {
			isa = PBXResourcesBuildPhase;
			buildActionMask = 2147483647;
			files = (
			);
			runOnlyForDeploymentPostprocessing = 0;
		};
		953546D7233A15BD0096AE60 /* Resources */ = {
			isa = PBXResourcesBuildPhase;
			buildActionMask = 2147483647;
			files = (
			);
			runOnlyForDeploymentPostprocessing = 0;
		};
		95354758233B67AA0096AE60 /* Resources */ = {
			isa = PBXResourcesBuildPhase;
			buildActionMask = 2147483647;
			files = (
				9535476F233B67AB0096AE60 /* LaunchScreen.storyboard in Resources */,
				9535476C233B67AB0096AE60 /* Assets.xcassets in Resources */,
				95354767233B67AA0096AE60 /* Main.storyboard in Resources */,
			);
			runOnlyForDeploymentPostprocessing = 0;
		};
		9535478A233B8A5E0096AE60 /* Resources */ = {
			isa = PBXResourcesBuildPhase;
			buildActionMask = 2147483647;
			files = (
				9535479E233B8A5F0096AE60 /* LaunchScreen.storyboard in Resources */,
				9535479B233B8A5F0096AE60 /* Assets.xcassets in Resources */,
				95354796233B8A5E0096AE60 /* Main.storyboard in Resources */,
			);
			runOnlyForDeploymentPostprocessing = 0;
		};
/* End PBXResourcesBuildPhase section */

/* Begin PBXSourcesBuildPhase section */
		486DFEF124AB935700CBF530 /* Sources */ = {
			isa = PBXSourcesBuildPhase;
			buildActionMask = 2147483647;
			files = (
				486DFF4924AB955900CBF530 /* PeachPersistentContainer.m in Sources */,
				486DFF3E24AB950300CBF530 /* PeachCollectorProperties.m in Sources */,
				486DFF3624AB94FD00CBF530 /* PeachCollectorPublisher.m in Sources */,
				486DFF4024AB950300CBF530 /* PeachCollectorDynamicProperties.m in Sources */,
				486DFF3224AB94F900CBF530 /* PeachCollectorReachability.m in Sources */,
				486DFF2E24AB94EE00CBF530 /* PeachCollector.xcdatamodel in Sources */,
				486DFF4224AB950300CBF530 /* PeachCollectorEvent.m in Sources */,
				486DFF4824AB950700CBF530 /* PeachCollectorNotifications.m in Sources */,
				486DFF3024AB94F900CBF530 /* PeachCollectorQueue.m in Sources */,
				9522A6042580BC7B00832087 /* PeachCollectorEvent+CoreDataProperties.m in Sources */,
				486DFF4424AB950700CBF530 /* PeachCollector.m in Sources */,
				486DFF3424AB94F900CBF530 /* PeachCollectorDataStore.m in Sources */,
				486DFF4624AB950700CBF530 /* PeachCollectorDataFormat.m in Sources */,
				9522A60C2580BC8000832087 /* PeachCollectorPublisherEventStatus+CoreDataClass.m in Sources */,
				9522A5F82580BC7300832087 /* PeachCollectorEvent+CoreDataClass.m in Sources */,
				486DFF3824AB94FD00CBF530 /* PeachCollectorPublisherEventStatus.m in Sources */,
				9522A6142580BC8500832087 /* PeachCollectorPublisherEventStatus+CoreDataProperties.m in Sources */,
				486DFF3C24AB950300CBF530 /* PeachCollectorContextComponent.m in Sources */,
				486DFF3A24AB950300CBF530 /* PeachCollectorContext.m in Sources */,
			);
			runOnlyForDeploymentPostprocessing = 0;
		};
		95211AD524EBB243002F77D4 /* Sources */ = {
			isa = PBXSourcesBuildPhase;
			buildActionMask = 2147483647;
			files = (
				95211AE024EBB243002F77D4 /* ViewController.m in Sources */,
				95211AEB24EBB245002F77D4 /* main.m in Sources */,
				95211ADD24EBB243002F77D4 /* AppDelegate.m in Sources */,
			);
			runOnlyForDeploymentPostprocessing = 0;
		};
		953546CC233A15BD0096AE60 /* Sources */ = {
			isa = PBXSourcesBuildPhase;
			buildActionMask = 2147483647;
			files = (
				9535470D233A16790096AE60 /* PeachCollectorDataFormat.m in Sources */,
				95354719233A1FCB0096AE60 /* PeachPersistentContainer.m in Sources */,
				95354715233A194A0096AE60 /* PeachCollector.xcdatamodel in Sources */,
				9530215C23585D2D0083E29F /* PeachCollectorDataStore.m in Sources */,
				953547A6233CDC850096AE60 /* PeachCollectorDynamicProperties.m in Sources */,
				95302150235081D80083E29F /* PeachCollectorReachability.m in Sources */,
				9535470E233A16790096AE60 /* PeachCollectorEvent.m in Sources */,
				953547FC234B2A9D0096AE60 /* PeachCollectorNotifications.m in Sources */,
				9535470B233A16790096AE60 /* PeachCollector.m in Sources */,
				9535470F233A16790096AE60 /* PeachCollectorContextComponent.m in Sources */,
				95AB3BED253DC0A700D241A5 /* PeachCollectorEvent+CoreDataProperties.m in Sources */,
				95354706233A16790096AE60 /* PeachCollectorContext.m in Sources */,
				95354708233A16790096AE60 /* PeachCollectorQueue.m in Sources */,
				95AB3BE9253DC0A700D241A5 /* PeachCollectorEvent+CoreDataClass.m in Sources */,
				95354712233A16790096AE60 /* PeachCollectorPublisher.m in Sources */,
				95AB3BEA253DC0A700D241A5 /* PeachCollectorPublisherEventStatus+CoreDataClass.m in Sources */,
				95AB3BEE253DC0A700D241A5 /* PeachCollectorPublisherEventStatus+CoreDataProperties.m in Sources */,
				95354711233A16790096AE60 /* PeachCollectorProperties.m in Sources */,
				9535470C233A16790096AE60 /* PeachCollectorPublisherEventStatus.m in Sources */,
			);
			runOnlyForDeploymentPostprocessing = 0;
		};
		953546D5233A15BD0096AE60 /* Sources */ = {
			isa = PBXSourcesBuildPhase;
			buildActionMask = 2147483647;
			files = (
				953546DF233A15BD0096AE60 /* PeachCollectorTests.m in Sources */,
			);
			runOnlyForDeploymentPostprocessing = 0;
		};
		95354756233B67AA0096AE60 /* Sources */ = {
			isa = PBXSourcesBuildPhase;
			buildActionMask = 2147483647;
			files = (
				95354772233B67AB0096AE60 /* main.m in Sources */,
				9535476A233B67AA0096AE60 /* PeachCollectorDemo.xcdatamodeld in Sources */,
				95354764233B67AA0096AE60 /* ViewController.m in Sources */,
				9535475E233B67AA0096AE60 /* AppDelegate.m in Sources */,
				95354761233B67AA0096AE60 /* SceneDelegate.m in Sources */,
			);
			runOnlyForDeploymentPostprocessing = 0;
		};
		95354788233B8A5E0096AE60 /* Sources */ = {
			isa = PBXSourcesBuildPhase;
			buildActionMask = 2147483647;
			files = (
				95354793233B8A5E0096AE60 /* ViewController.swift in Sources */,
				9535478F233B8A5E0096AE60 /* AppDelegate.swift in Sources */,
				95354799233B8A5E0096AE60 /* PeachCollectorSwiftDemo.xcdatamodeld in Sources */,
				95354791233B8A5E0096AE60 /* SceneDelegate.swift in Sources */,
			);
			runOnlyForDeploymentPostprocessing = 0;
		};
/* End PBXSourcesBuildPhase section */

/* Begin PBXTargetDependency section */
		953546DC233A15BD0096AE60 /* PBXTargetDependency */ = {
			isa = PBXTargetDependency;
			target = 953546CF233A15BD0096AE60 /* PeachCollector */;
			targetProxy = 953546DB233A15BD0096AE60 /* PBXContainerItemProxy */;
		};
		95354777233B67CF0096AE60 /* PBXTargetDependency */ = {
			isa = PBXTargetDependency;
			target = 953546CF233A15BD0096AE60 /* PeachCollector */;
			targetProxy = 95354776233B67CF0096AE60 /* PBXContainerItemProxy */;
		};
		9535477C233B68EE0096AE60 /* PBXTargetDependency */ = {
			isa = PBXTargetDependency;
			target = 953546CF233A15BD0096AE60 /* PeachCollector */;
			targetProxy = 9535477B233B68EE0096AE60 /* PBXContainerItemProxy */;
		};
		953547AA234203060096AE60 /* PBXTargetDependency */ = {
			isa = PBXTargetDependency;
			target = 953546CF233A15BD0096AE60 /* PeachCollector */;
			targetProxy = 953547A9234203060096AE60 /* PBXContainerItemProxy */;
		};
/* End PBXTargetDependency section */

/* Begin PBXVariantGroup section */
		95211AE124EBB243002F77D4 /* Main.storyboard */ = {
			isa = PBXVariantGroup;
			children = (
				95211AE224EBB243002F77D4 /* Base */,
			);
			name = Main.storyboard;
			sourceTree = "<group>";
		};
		95211AE624EBB245002F77D4 /* LaunchScreen.storyboard */ = {
			isa = PBXVariantGroup;
			children = (
				95211AE724EBB245002F77D4 /* Base */,
			);
			name = LaunchScreen.storyboard;
			sourceTree = "<group>";
		};
		95354765233B67AA0096AE60 /* Main.storyboard */ = {
			isa = PBXVariantGroup;
			children = (
				95354766233B67AA0096AE60 /* Base */,
			);
			name = Main.storyboard;
			sourceTree = "<group>";
		};
		9535476D233B67AB0096AE60 /* LaunchScreen.storyboard */ = {
			isa = PBXVariantGroup;
			children = (
				9535476E233B67AB0096AE60 /* Base */,
			);
			name = LaunchScreen.storyboard;
			sourceTree = "<group>";
		};
		95354794233B8A5E0096AE60 /* Main.storyboard */ = {
			isa = PBXVariantGroup;
			children = (
				95354795233B8A5E0096AE60 /* Base */,
			);
			name = Main.storyboard;
			sourceTree = "<group>";
		};
		9535479C233B8A5F0096AE60 /* LaunchScreen.storyboard */ = {
			isa = PBXVariantGroup;
			children = (
				9535479D233B8A5F0096AE60 /* Base */,
			);
			name = LaunchScreen.storyboard;
			sourceTree = "<group>";
		};
/* End PBXVariantGroup section */

/* Begin XCBuildConfiguration section */
		486DFEFA24AB935700CBF530 /* Debug */ = {
			isa = XCBuildConfiguration;
			buildSettings = {
				CODE_SIGN_STYLE = Automatic;
				CURRENT_PROJECT_VERSION = 17;
				DEFINES_MODULE = YES;
				DYLIB_COMPATIBILITY_VERSION = 1;
				DYLIB_CURRENT_VERSION = 1;
				DYLIB_INSTALL_NAME_BASE = "@rpath";
				INFOPLIST_FILE = Sources/PeachCollector/Resources/Info.plist;
				INSTALL_PATH = "$(LOCAL_LIBRARY_DIR)/Frameworks";
				LD_RUNPATH_SEARCH_PATHS = (
					"$(inherited)",
					"@executable_path/Frameworks",
					"@loader_path/Frameworks",
				);
				MARKETING_VERSION = 1.2.3;
				PRODUCT_BUNDLE_IDENTIFIER = ch.ebu.PeachCollector;
				PRODUCT_NAME = PeachCollector;
				SDKROOT = appletvos;
				SKIP_INSTALL = YES;
				TARGETED_DEVICE_FAMILY = 3;
				TVOS_DEPLOYMENT_TARGET = 12.0;
			};
			name = Debug;
		};
		486DFEFB24AB935700CBF530 /* Release */ = {
			isa = XCBuildConfiguration;
			buildSettings = {
				CODE_SIGN_STYLE = Automatic;
				CURRENT_PROJECT_VERSION = 17;
				DEFINES_MODULE = YES;
				DYLIB_COMPATIBILITY_VERSION = 1;
				DYLIB_CURRENT_VERSION = 1;
				DYLIB_INSTALL_NAME_BASE = "@rpath";
				INFOPLIST_FILE = Sources/PeachCollector/Resources/Info.plist;
				INSTALL_PATH = "$(LOCAL_LIBRARY_DIR)/Frameworks";
				LD_RUNPATH_SEARCH_PATHS = (
					"$(inherited)",
					"@executable_path/Frameworks",
					"@loader_path/Frameworks",
				);
				MARKETING_VERSION = 1.2.3;
				PRODUCT_BUNDLE_IDENTIFIER = ch.ebu.PeachCollector;
				PRODUCT_NAME = PeachCollector;
				SDKROOT = appletvos;
				SKIP_INSTALL = YES;
				TARGETED_DEVICE_FAMILY = 3;
				TVOS_DEPLOYMENT_TARGET = 12.0;
			};
			name = Release;
		};
		95211AEC24EBB245002F77D4 /* Debug */ = {
			isa = XCBuildConfiguration;
			buildSettings = {
				ASSETCATALOG_COMPILER_APPICON_NAME = "App Icon & Top Shelf Image";
				CODE_SIGN_STYLE = Automatic;
				DEVELOPMENT_TEAM = 95499ZCYFT;
				INFOPLIST_FILE = PeachCollectorTVDemo/Info.plist;
				LD_RUNPATH_SEARCH_PATHS = (
					"$(inherited)",
					"@executable_path/Frameworks",
				);
				PRODUCT_BUNDLE_IDENTIFIER = ch.ebu.PeachCollectorTVDemo;
				PRODUCT_NAME = "$(TARGET_NAME)";
				SDKROOT = appletvos;
				TARGETED_DEVICE_FAMILY = 3;
				TVOS_DEPLOYMENT_TARGET = 13.2;
			};
			name = Debug;
		};
		95211AED24EBB245002F77D4 /* Release */ = {
			isa = XCBuildConfiguration;
			buildSettings = {
				ASSETCATALOG_COMPILER_APPICON_NAME = "App Icon & Top Shelf Image";
				CODE_SIGN_STYLE = Automatic;
				DEVELOPMENT_TEAM = 95499ZCYFT;
				INFOPLIST_FILE = PeachCollectorTVDemo/Info.plist;
				LD_RUNPATH_SEARCH_PATHS = (
					"$(inherited)",
					"@executable_path/Frameworks",
				);
				PRODUCT_BUNDLE_IDENTIFIER = ch.ebu.PeachCollectorTVDemo;
				PRODUCT_NAME = "$(TARGET_NAME)";
				SDKROOT = appletvos;
				TARGETED_DEVICE_FAMILY = 3;
				TVOS_DEPLOYMENT_TARGET = 13.2;
			};
			name = Release;
		};
		953546E2233A15BD0096AE60 /* Debug */ = {
			isa = XCBuildConfiguration;
			buildSettings = {
				ALWAYS_SEARCH_USER_PATHS = NO;
				CLANG_ANALYZER_NONNULL = YES;
				CLANG_ANALYZER_NUMBER_OBJECT_CONVERSION = YES_AGGRESSIVE;
				CLANG_CXX_LANGUAGE_STANDARD = "gnu++14";
				CLANG_CXX_LIBRARY = "libc++";
				CLANG_ENABLE_MODULES = YES;
				CLANG_ENABLE_OBJC_ARC = YES;
				CLANG_ENABLE_OBJC_WEAK = YES;
				CLANG_WARN_BLOCK_CAPTURE_AUTORELEASING = YES;
				CLANG_WARN_BOOL_CONVERSION = YES;
				CLANG_WARN_COMMA = YES;
				CLANG_WARN_CONSTANT_CONVERSION = YES;
				CLANG_WARN_DEPRECATED_OBJC_IMPLEMENTATIONS = YES;
				CLANG_WARN_DIRECT_OBJC_ISA_USAGE = YES_ERROR;
				CLANG_WARN_DOCUMENTATION_COMMENTS = YES;
				CLANG_WARN_EMPTY_BODY = YES;
				CLANG_WARN_ENUM_CONVERSION = YES;
				CLANG_WARN_INFINITE_RECURSION = YES;
				CLANG_WARN_INT_CONVERSION = YES;
				CLANG_WARN_NON_LITERAL_NULL_CONVERSION = YES;
				CLANG_WARN_OBJC_IMPLICIT_RETAIN_SELF = YES;
				CLANG_WARN_OBJC_LITERAL_CONVERSION = YES;
				CLANG_WARN_OBJC_ROOT_CLASS = YES_ERROR;
				CLANG_WARN_QUOTED_INCLUDE_IN_FRAMEWORK_HEADER = YES;
				CLANG_WARN_RANGE_LOOP_ANALYSIS = YES;
				CLANG_WARN_STRICT_PROTOTYPES = YES;
				CLANG_WARN_SUSPICIOUS_MOVE = YES;
				CLANG_WARN_UNGUARDED_AVAILABILITY = YES_AGGRESSIVE;
				CLANG_WARN_UNREACHABLE_CODE = YES;
				CLANG_WARN__DUPLICATE_METHOD_MATCH = YES;
				COPY_PHASE_STRIP = NO;
				CURRENT_PROJECT_VERSION = 1;
				DEBUG_INFORMATION_FORMAT = dwarf;
				ENABLE_STRICT_OBJC_MSGSEND = YES;
				ENABLE_TESTABILITY = YES;
				GCC_C_LANGUAGE_STANDARD = gnu11;
				GCC_DYNAMIC_NO_PIC = NO;
				GCC_NO_COMMON_BLOCKS = YES;
				GCC_OPTIMIZATION_LEVEL = 0;
				GCC_PREPROCESSOR_DEFINITIONS = (
					"DEBUG=1",
					"$(inherited)",
				);
				GCC_WARN_64_TO_32_BIT_CONVERSION = YES;
				GCC_WARN_ABOUT_RETURN_TYPE = YES_ERROR;
				GCC_WARN_UNDECLARED_SELECTOR = YES;
				GCC_WARN_UNINITIALIZED_AUTOS = YES_AGGRESSIVE;
				GCC_WARN_UNUSED_FUNCTION = YES;
				GCC_WARN_UNUSED_VARIABLE = YES;
				IPHONEOS_DEPLOYMENT_TARGET = 13.0;
				MTL_ENABLE_DEBUG_INFO = INCLUDE_SOURCE;
				MTL_FAST_MATH = YES;
				ONLY_ACTIVE_ARCH = YES;
				SDKROOT = iphoneos;
				VERSIONING_SYSTEM = "apple-generic";
				VERSION_INFO_PREFIX = "";
			};
			name = Debug;
		};
		953546E3233A15BD0096AE60 /* Release */ = {
			isa = XCBuildConfiguration;
			buildSettings = {
				ALWAYS_SEARCH_USER_PATHS = NO;
				CLANG_ANALYZER_NONNULL = YES;
				CLANG_ANALYZER_NUMBER_OBJECT_CONVERSION = YES_AGGRESSIVE;
				CLANG_CXX_LANGUAGE_STANDARD = "gnu++14";
				CLANG_CXX_LIBRARY = "libc++";
				CLANG_ENABLE_MODULES = YES;
				CLANG_ENABLE_OBJC_ARC = YES;
				CLANG_ENABLE_OBJC_WEAK = YES;
				CLANG_WARN_BLOCK_CAPTURE_AUTORELEASING = YES;
				CLANG_WARN_BOOL_CONVERSION = YES;
				CLANG_WARN_COMMA = YES;
				CLANG_WARN_CONSTANT_CONVERSION = YES;
				CLANG_WARN_DEPRECATED_OBJC_IMPLEMENTATIONS = YES;
				CLANG_WARN_DIRECT_OBJC_ISA_USAGE = YES_ERROR;
				CLANG_WARN_DOCUMENTATION_COMMENTS = YES;
				CLANG_WARN_EMPTY_BODY = YES;
				CLANG_WARN_ENUM_CONVERSION = YES;
				CLANG_WARN_INFINITE_RECURSION = YES;
				CLANG_WARN_INT_CONVERSION = YES;
				CLANG_WARN_NON_LITERAL_NULL_CONVERSION = YES;
				CLANG_WARN_OBJC_IMPLICIT_RETAIN_SELF = YES;
				CLANG_WARN_OBJC_LITERAL_CONVERSION = YES;
				CLANG_WARN_OBJC_ROOT_CLASS = YES_ERROR;
				CLANG_WARN_QUOTED_INCLUDE_IN_FRAMEWORK_HEADER = YES;
				CLANG_WARN_RANGE_LOOP_ANALYSIS = YES;
				CLANG_WARN_STRICT_PROTOTYPES = YES;
				CLANG_WARN_SUSPICIOUS_MOVE = YES;
				CLANG_WARN_UNGUARDED_AVAILABILITY = YES_AGGRESSIVE;
				CLANG_WARN_UNREACHABLE_CODE = YES;
				CLANG_WARN__DUPLICATE_METHOD_MATCH = YES;
				COPY_PHASE_STRIP = NO;
				CURRENT_PROJECT_VERSION = 1;
				DEBUG_INFORMATION_FORMAT = "dwarf-with-dsym";
				ENABLE_NS_ASSERTIONS = NO;
				ENABLE_STRICT_OBJC_MSGSEND = YES;
				GCC_C_LANGUAGE_STANDARD = gnu11;
				GCC_NO_COMMON_BLOCKS = YES;
				GCC_WARN_64_TO_32_BIT_CONVERSION = YES;
				GCC_WARN_ABOUT_RETURN_TYPE = YES_ERROR;
				GCC_WARN_UNDECLARED_SELECTOR = YES;
				GCC_WARN_UNINITIALIZED_AUTOS = YES_AGGRESSIVE;
				GCC_WARN_UNUSED_FUNCTION = YES;
				GCC_WARN_UNUSED_VARIABLE = YES;
				IPHONEOS_DEPLOYMENT_TARGET = 13.0;
				MTL_ENABLE_DEBUG_INFO = NO;
				MTL_FAST_MATH = YES;
				SDKROOT = iphoneos;
				SWIFT_COMPILATION_MODE = wholemodule;
				VALIDATE_PRODUCT = YES;
				VERSIONING_SYSTEM = "apple-generic";
				VERSION_INFO_PREFIX = "";
			};
			name = Release;
		};
		953546E5233A15BD0096AE60 /* Debug */ = {
			isa = XCBuildConfiguration;
			buildSettings = {
				CLANG_ENABLE_MODULES = YES;
				CODE_SIGN_STYLE = Automatic;
				CURRENT_PROJECT_VERSION = 17;
				DEFINES_MODULE = YES;
				DYLIB_COMPATIBILITY_VERSION = 1;
				DYLIB_CURRENT_VERSION = 1;
				DYLIB_INSTALL_NAME_BASE = "@rpath";
				INFOPLIST_FILE = Sources/PeachCollector/Resources/Info.plist;
				INSTALL_PATH = "$(LOCAL_LIBRARY_DIR)/Frameworks";
				IPHONEOS_DEPLOYMENT_TARGET = 12.0;
				LD_RUNPATH_SEARCH_PATHS = (
					"$(inherited)",
					"@executable_path/Frameworks",
					"@loader_path/Frameworks",
				);
				MARKETING_VERSION = 1.2.3;
				PRODUCT_BUNDLE_IDENTIFIER = ch.ebu.PeachCollector;
				PRODUCT_NAME = "$(TARGET_NAME:c99extidentifier)";
				SKIP_INSTALL = YES;
				SUPPORTS_MACCATALYST = NO;
				SWIFT_OPTIMIZATION_LEVEL = "-Onone";
				SWIFT_VERSION = 5.0;
				TARGETED_DEVICE_FAMILY = "1,2";
			};
			name = Debug;
		};
		953546E6233A15BD0096AE60 /* Release */ = {
			isa = XCBuildConfiguration;
			buildSettings = {
				CLANG_ENABLE_MODULES = YES;
				CODE_SIGN_STYLE = Automatic;
				CURRENT_PROJECT_VERSION = 17;
				DEFINES_MODULE = YES;
				DYLIB_COMPATIBILITY_VERSION = 1;
				DYLIB_CURRENT_VERSION = 1;
				DYLIB_INSTALL_NAME_BASE = "@rpath";
				INFOPLIST_FILE = Sources/PeachCollector/Resources/Info.plist;
				INSTALL_PATH = "$(LOCAL_LIBRARY_DIR)/Frameworks";
				IPHONEOS_DEPLOYMENT_TARGET = 12.0;
				LD_RUNPATH_SEARCH_PATHS = (
					"$(inherited)",
					"@executable_path/Frameworks",
					"@loader_path/Frameworks",
				);
				MARKETING_VERSION = 1.2.3;
				PRODUCT_BUNDLE_IDENTIFIER = ch.ebu.PeachCollector;
				PRODUCT_NAME = "$(TARGET_NAME:c99extidentifier)";
				SKIP_INSTALL = YES;
				SUPPORTS_MACCATALYST = NO;
				SWIFT_VERSION = 5.0;
				TARGETED_DEVICE_FAMILY = "1,2";
			};
			name = Release;
		};
		953546E8233A15BD0096AE60 /* Debug */ = {
			isa = XCBuildConfiguration;
			buildSettings = {
				CODE_SIGN_STYLE = Automatic;
				INFOPLIST_FILE = Tests/Info.plist;
				LD_RUNPATH_SEARCH_PATHS = (
					"$(inherited)",
					"@executable_path/Frameworks",
					"@loader_path/Frameworks",
				);
				PRODUCT_BUNDLE_IDENTIFIER = ch.ebu.PeachCollectorTests;
				PRODUCT_NAME = "$(TARGET_NAME)";
				TARGETED_DEVICE_FAMILY = "1,2";
			};
			name = Debug;
		};
		953546E9233A15BD0096AE60 /* Release */ = {
			isa = XCBuildConfiguration;
			buildSettings = {
				CODE_SIGN_STYLE = Automatic;
				INFOPLIST_FILE = Tests/Info.plist;
				LD_RUNPATH_SEARCH_PATHS = (
					"$(inherited)",
					"@executable_path/Frameworks",
					"@loader_path/Frameworks",
				);
				PRODUCT_BUNDLE_IDENTIFIER = ch.ebu.PeachCollectorTests;
				PRODUCT_NAME = "$(TARGET_NAME)";
				TARGETED_DEVICE_FAMILY = "1,2";
			};
			name = Release;
		};
		95354773233B67AB0096AE60 /* Debug */ = {
			isa = XCBuildConfiguration;
			buildSettings = {
				ASSETCATALOG_COMPILER_APPICON_NAME = AppIcon;
				CODE_SIGN_STYLE = Automatic;
				DEVELOPMENT_TEAM = 95499ZCYFT;
				INFOPLIST_FILE = PeachCollectorDemo/Info.plist;
				LD_RUNPATH_SEARCH_PATHS = (
					"$(inherited)",
					"@executable_path/Frameworks",
				);
				PRODUCT_BUNDLE_IDENTIFIER = ch.ebu.PeachCollectorDemo;
				PRODUCT_NAME = "$(TARGET_NAME)";
				TARGETED_DEVICE_FAMILY = "1,2";
			};
			name = Debug;
		};
		95354774233B67AB0096AE60 /* Release */ = {
			isa = XCBuildConfiguration;
			buildSettings = {
				ASSETCATALOG_COMPILER_APPICON_NAME = AppIcon;
				CODE_SIGN_STYLE = Automatic;
				DEVELOPMENT_TEAM = 95499ZCYFT;
				INFOPLIST_FILE = PeachCollectorDemo/Info.plist;
				LD_RUNPATH_SEARCH_PATHS = (
					"$(inherited)",
					"@executable_path/Frameworks",
				);
				PRODUCT_BUNDLE_IDENTIFIER = ch.ebu.PeachCollectorDemo;
				PRODUCT_NAME = "$(TARGET_NAME)";
				TARGETED_DEVICE_FAMILY = "1,2";
			};
			name = Release;
		};
		953547A1233B8A5F0096AE60 /* Debug */ = {
			isa = XCBuildConfiguration;
			buildSettings = {
				ASSETCATALOG_COMPILER_APPICON_NAME = AppIcon;
				CODE_SIGN_STYLE = Automatic;
				DEVELOPMENT_TEAM = 95499ZCYFT;
				INFOPLIST_FILE = PeachCollectorSwiftDemo/Info.plist;
				LD_RUNPATH_SEARCH_PATHS = (
					"$(inherited)",
					"@executable_path/Frameworks",
				);
				PRODUCT_BUNDLE_IDENTIFIER = ch.ebu.PeachCollectorSwiftDemo;
				PRODUCT_NAME = "$(TARGET_NAME)";
				SWIFT_ACTIVE_COMPILATION_CONDITIONS = DEBUG;
				SWIFT_OPTIMIZATION_LEVEL = "-Onone";
				SWIFT_VERSION = 5.0;
				TARGETED_DEVICE_FAMILY = "1,2";
			};
			name = Debug;
		};
		953547A2233B8A5F0096AE60 /* Release */ = {
			isa = XCBuildConfiguration;
			buildSettings = {
				ASSETCATALOG_COMPILER_APPICON_NAME = AppIcon;
				CODE_SIGN_STYLE = Automatic;
				DEVELOPMENT_TEAM = 95499ZCYFT;
				INFOPLIST_FILE = PeachCollectorSwiftDemo/Info.plist;
				LD_RUNPATH_SEARCH_PATHS = (
					"$(inherited)",
					"@executable_path/Frameworks",
				);
				PRODUCT_BUNDLE_IDENTIFIER = ch.ebu.PeachCollectorSwiftDemo;
				PRODUCT_NAME = "$(TARGET_NAME)";
				SWIFT_COMPILATION_MODE = wholemodule;
				SWIFT_OPTIMIZATION_LEVEL = "-O";
				SWIFT_VERSION = 5.0;
				TARGETED_DEVICE_FAMILY = "1,2";
			};
			name = Release;
		};
/* End XCBuildConfiguration section */

/* Begin XCConfigurationList section */
		486DFEFC24AB935700CBF530 /* Build configuration list for PBXNativeTarget "PeachCollector tvOS" */ = {
			isa = XCConfigurationList;
			buildConfigurations = (
				486DFEFA24AB935700CBF530 /* Debug */,
				486DFEFB24AB935700CBF530 /* Release */,
			);
			defaultConfigurationIsVisible = 0;
			defaultConfigurationName = Release;
		};
		95211AEE24EBB245002F77D4 /* Build configuration list for PBXNativeTarget "PeachCollectorTVDemo" */ = {
			isa = XCConfigurationList;
			buildConfigurations = (
				95211AEC24EBB245002F77D4 /* Debug */,
				95211AED24EBB245002F77D4 /* Release */,
			);
			defaultConfigurationIsVisible = 0;
			defaultConfigurationName = Release;
		};
		953546CA233A15BD0096AE60 /* Build configuration list for PBXProject "PeachCollector" */ = {
			isa = XCConfigurationList;
			buildConfigurations = (
				953546E2233A15BD0096AE60 /* Debug */,
				953546E3233A15BD0096AE60 /* Release */,
			);
			defaultConfigurationIsVisible = 0;
			defaultConfigurationName = Release;
		};
		953546E4233A15BD0096AE60 /* Build configuration list for PBXNativeTarget "PeachCollector" */ = {
			isa = XCConfigurationList;
			buildConfigurations = (
				953546E5233A15BD0096AE60 /* Debug */,
				953546E6233A15BD0096AE60 /* Release */,
			);
			defaultConfigurationIsVisible = 0;
			defaultConfigurationName = Release;
		};
		953546E7233A15BD0096AE60 /* Build configuration list for PBXNativeTarget "PeachCollectorTests" */ = {
			isa = XCConfigurationList;
			buildConfigurations = (
				953546E8233A15BD0096AE60 /* Debug */,
				953546E9233A15BD0096AE60 /* Release */,
			);
			defaultConfigurationIsVisible = 0;
			defaultConfigurationName = Release;
		};
		95354775233B67AB0096AE60 /* Build configuration list for PBXNativeTarget "PeachCollectorDemo" */ = {
			isa = XCConfigurationList;
			buildConfigurations = (
				95354773233B67AB0096AE60 /* Debug */,
				95354774233B67AB0096AE60 /* Release */,
			);
			defaultConfigurationIsVisible = 0;
			defaultConfigurationName = Release;
		};
		953547A0233B8A5F0096AE60 /* Build configuration list for PBXNativeTarget "PeachCollectorSwiftDemo" */ = {
			isa = XCConfigurationList;
			buildConfigurations = (
				953547A1233B8A5F0096AE60 /* Debug */,
				953547A2233B8A5F0096AE60 /* Release */,
			);
			defaultConfigurationIsVisible = 0;
			defaultConfigurationName = Release;
		};
/* End XCConfigurationList section */

/* Begin XCVersionGroup section */
		95354768233B67AA0096AE60 /* PeachCollectorDemo.xcdatamodeld */ = {
			isa = XCVersionGroup;
			children = (
				95354769233B67AA0096AE60 /* PeachCollectorDemo.xcdatamodel */,
			);
			currentVersion = 95354769233B67AA0096AE60 /* PeachCollectorDemo.xcdatamodel */;
			path = PeachCollectorDemo.xcdatamodeld;
			sourceTree = "<group>";
			versionGroupType = wrapper.xcdatamodel;
		};
		95354797233B8A5E0096AE60 /* PeachCollectorSwiftDemo.xcdatamodeld */ = {
			isa = XCVersionGroup;
			children = (
				95354798233B8A5E0096AE60 /* PeachCollectorSwiftDemo.xcdatamodel */,
			);
			currentVersion = 95354798233B8A5E0096AE60 /* PeachCollectorSwiftDemo.xcdatamodel */;
			path = PeachCollectorSwiftDemo.xcdatamodeld;
			sourceTree = "<group>";
			versionGroupType = wrapper.xcdatamodel;
		};
/* End XCVersionGroup section */
	};
	rootObject = 953546C7233A15BD0096AE60 /* Project object */;
}
